
Microsoft Visual Studio Solution File, Format Version 12.00
# Visual Studio Version 17
VisualStudioVersion = 17.11.35208.52
MinimumVisualStudioVersion = 10.0.40219.1
Project("{8BC9CEB8-8B4A-11D0-8D11-00A0C91BC942}") = "1-single-file", "1-single-file\1-single-file.vcxproj", "{C8CAEB83-DCF5-465E-87C3-27D59DAE426F}"
EndProject
Project("{2150E333-8FDC-42A3-9474-1A3956D46DE8}") = "Week 1", "Week 1", "{202FF4A6-41A0-49AB-BE38-9AF3F4346946}"
EndProject
Project("{8BC9CEB8-8B4A-11D0-8D11-00A0C91BC942}") = "2-main-with-library", "2-main-with-library\2-main-with-library.vcxproj", "{E48E695D-6418-4DD4-A03D-118746CAB2D5}"
EndProject
Project("{2150E333-8FDC-42A3-9474-1A3956D46DE8}") = "Basic compliations", "Basic compliations", "{AB800FD3-3575-4701-A48E-6FFDDD17325D}"
EndProject
Project("{8BC9CEB8-8B4A-11D0-8D11-00A0C91BC942}") = "3-main-with-class-v1", "3-main-with-class-v1\3-main-with-class-v1.vcxproj", "{9AC18EF8-E2C8-4653-BEF1-C4162BA680B8}"
EndProject
Project("{8BC9CEB8-8B4A-11D0-8D11-00A0C91BC942}") = "3-main-with-class-v2", "3-main-with-class-v2\3-main-with-class-v2.vcxproj", "{87E0F219-E330-4029-A9E7-556CB5005F9B}"
EndProject
Project("{2150E333-8FDC-42A3-9474-1A3956D46DE8}") = "Iterator", "Iterator", "{7D80E1AA-9C99-472A-93A3-212BA4C6FC74}"
EndProject
Project("{8BC9CEB8-8B4A-11D0-8D11-00A0C91BC942}") = "Iterator 1", "Iterator 1\Iterator 1.vcxproj", "{739F62BF-0C69-4FC2-BEDF-8E62276E1937}"
EndProject
Project("{2150E333-8FDC-42A3-9474-1A3956D46DE8}") = "Linear search", "Linear search", "{BED03E09-9D3A-4696-BD52-EB38D150441F}"
EndProject
Project("{8BC9CEB8-8B4A-11D0-8D11-00A0C91BC942}") = "Linear Search", "Linear Search\Linear Search.vcxproj", "{88A42E55-69A4-4305-8551-90B11619D710}"
EndProject
Project("{2150E333-8FDC-42A3-9474-1A3956D46DE8}") = "Pointer", "Pointer", "{8FBAE047-56B9-45FA-81EA-53EDEA51B3DF}"
EndProject
Project("{8BC9CEB8-8B4A-11D0-8D11-00A0C91BC942}") = "Pointers", "Pointers\Pointers.vcxproj", "{6BAC2F90-7D1B-49E5-ACAB-1EA26EF72DE2}"
EndProject
Project("{2150E333-8FDC-42A3-9474-1A3956D46DE8}") = "References", "References", "{89D922DB-1F3D-47CE-8E87-73EC9C3A7EF2}"
EndProject
Project("{8BC9CEB8-8B4A-11D0-8D11-00A0C91BC942}") = "Reference", "Reference\Reference.vcxproj", "{1DCBC562-2096-4F7F-9F49-90C8164F3631}"
EndProject
Project("{2150E333-8FDC-42A3-9474-1A3956D46DE8}") = "Templates", "Templates", "{5D4CA05D-FA60-4F59-8F39-021AE7585167}"
EndProject
Project("{8BC9CEB8-8B4A-11D0-8D11-00A0C91BC942}") = "template 1", "template 1\template 1.vcxproj", "{7A2287F3-6BC5-44D4-B67F-FB7E8ACD76D5}"
EndProject
Project("{2150E333-8FDC-42A3-9474-1A3956D46DE8}") = "Week1-2 Exercises", "Week1-2 Exercises", "{08803341-57AA-4102-85C4-9B4B04594C31}"
EndProject
Project("{8BC9CEB8-8B4A-11D0-8D11-00A0C91BC942}") = "X1", "X1\X1.vcxproj", "{AB385019-4296-4CF2-9B22-E17E8628D66B}"
EndProject
Project("{8BC9CEB8-8B4A-11D0-8D11-00A0C91BC942}") = "X2", "X2\X2.vcxproj", "{F6C3EEF0-AF39-41A0-A8E8-181334D76ECF}"
EndProject
Project("{8BC9CEB8-8B4A-11D0-8D11-00A0C91BC942}") = "X4", "X4\X4.vcxproj", "{D9A60761-FD8B-4FB5-998C-04D99D27D2C6}"
EndProject
Project("{2150E333-8FDC-42A3-9474-1A3956D46DE8}") = "Week 2", "Week 2", "{7AEF1D3A-3C76-4CD0-B028-A1EFCC2750D5}"
EndProject
Project("{2150E333-8FDC-42A3-9474-1A3956D46DE8}") = "List", "List", "{DE93C155-9ED5-4DE8-9EF5-97ACE3F2AB12}"
EndProject
Project("{8BC9CEB8-8B4A-11D0-8D11-00A0C91BC942}") = "list", "list\list.vcxproj", "{0A446573-79A9-4CBD-8577-0ED8DA6A5C82}"
EndProject
Project("{2150E333-8FDC-42A3-9474-1A3956D46DE8}") = "List inheritance", "List inheritance", "{C902BD1D-597B-4E2C-BBD2-BAE5E8E901B0}"
EndProject
Project("{8BC9CEB8-8B4A-11D0-8D11-00A0C91BC942}") = "List_inheritance", "List_inheritance\List_inheritance.vcxproj", "{31C469E0-AE54-4D41-A2E5-20380403ABC1}"
EndProject
Project("{2150E333-8FDC-42A3-9474-1A3956D46DE8}") = "Point", "Point", "{232CAA4D-8D84-4B21-9659-C270244C575A}"
EndProject
Project("{8BC9CEB8-8B4A-11D0-8D11-00A0C91BC942}") = "point", "point\point.vcxproj", "{5EDBAEBA-EADF-4B80-8700-83A6EE020CD7}"
EndProject
Project("{2150E333-8FDC-42A3-9474-1A3956D46DE8}") = "Point inheritance", "Point inheritance", "{27761E57-7E40-4014-A016-9CD145913B44}"
EndProject
Project("{8BC9CEB8-8B4A-11D0-8D11-00A0C91BC942}") = "point_inheritance", "point_inheritance\point_inheritance.vcxproj", "{D16A0DF3-42E3-4602-ACB5-150EB6C8CA8F}"
EndProject
Project("{2150E333-8FDC-42A3-9474-1A3956D46DE8}") = "Program analysis", "Program analysis", "{F7811B22-9DA0-4F25-AAF5-9ADB983CFB1F}"
EndProject
Project("{8BC9CEB8-8B4A-11D0-8D11-00A0C91BC942}") = "program_analysis", "program_analysis\program_analysis.vcxproj", "{90FE61F5-EC9C-4304-9B79-A6DFBDF71749}"
EndProject
Project("{2150E333-8FDC-42A3-9474-1A3956D46DE8}") = "Week 3", "Week 3", "{23BD091F-3BF5-49F0-B11C-C321DE0AAB22}"
EndProject
Project("{8BC9CEB8-8B4A-11D0-8D11-00A0C91BC942}") = "X5", "X5\X5.vcxproj", "{25EC77A4-2746-4E19-A0D9-F2E3D8050B7B}"
EndProject
Project("{8BC9CEB8-8B4A-11D0-8D11-00A0C91BC942}") = "X3", "X3\X3.vcxproj", "{967C613C-8DB1-4BB9-AD27-D8D0CADA6930}"
EndProject
Project("{2150E333-8FDC-42A3-9474-1A3956D46DE8}") = "List", "List", "{6E131CB1-CFE7-4242-8438-A2B3B937ECEE}"
EndProject
Project("{8BC9CEB8-8B4A-11D0-8D11-00A0C91BC942}") = "list_", "list_\list_.vcxproj", "{30D1F1D4-6842-433C-B198-8711A0241C7A}"
EndProject
Project("{2150E333-8FDC-42A3-9474-1A3956D46DE8}") = "Matrix", "Matrix", "{AFAAC327-75C9-489C-954C-287209070481}"
EndProject
Project("{8BC9CEB8-8B4A-11D0-8D11-00A0C91BC942}") = "matrix", "matrix\matrix.vcxproj", "{82168D28-8817-407A-BF92-AC2FB410F3D0}"
EndProject
Project("{2150E333-8FDC-42A3-9474-1A3956D46DE8}") = "Queue", "Queue", "{FDFAFF2F-D191-4FEF-AB1B-C0B6592C3B1E}"
EndProject
Project("{8BC9CEB8-8B4A-11D0-8D11-00A0C91BC942}") = "queue_", "queue_\queue_.vcxproj", "{A1C4B93F-249B-44A6-ACFE-BC583A44BE93}"
EndProject
Project("{2150E333-8FDC-42A3-9474-1A3956D46DE8}") = "Stack", "Stack", "{A5E8D251-22EF-4E3B-BB05-C51EEEB97772}"
EndProject
Project("{8BC9CEB8-8B4A-11D0-8D11-00A0C91BC942}") = "stack", "stack\stack.vcxproj", "{3BCA28F8-C0D1-432A-B4D4-296370E80316}"
EndProject
Project("{2150E333-8FDC-42A3-9474-1A3956D46DE8}") = "Week 4", "Week 4", "{0CBEC1AA-5CF6-47E5-BD66-4A3B1BEF6498}"
EndProject
Project("{2150E333-8FDC-42A3-9474-1A3956D46DE8}") = "Quadratic_Probing_Hashtable", "Quadratic_Probing_Hashtable", "{353C40D1-800F-43B3-9F3A-B16403AE4EE4}"
EndProject
Project("{8BC9CEB8-8B4A-11D0-8D11-00A0C91BC942}") = "QuadraticProbing", "QuadraticProbing\QuadraticProbing.vcxproj", "{DD852BA0-CFFC-4533-9AF4-42013DE86A0C}"
EndProject
Project("{2150E333-8FDC-42A3-9474-1A3956D46DE8}") = "Week 5", "Week 5", "{22AD2AEA-2A3D-4C9B-B1A3-E91C661A4B30}"
EndProject
Project("{2150E333-8FDC-42A3-9474-1A3956D46DE8}") = "Sum", "Sum", "{4F5E2D5F-2C38-4FEC-A606-D48ED50CCA57}"
EndProject
Project("{8BC9CEB8-8B4A-11D0-8D11-00A0C91BC942}") = "sum", "sum\sum.vcxproj", "{47E011FA-19D9-43A8-B5C5-EF402C5393C1}"
EndProject
Project("{2150E333-8FDC-42A3-9474-1A3956D46DE8}") = "Week3-4 Exercises", "Week3-4 Exercises", "{D4C4EF4E-E97A-4586-8C9D-A345ABE6D8FD}"
EndProject
Project("{8BC9CEB8-8B4A-11D0-8D11-00A0C91BC942}") = "X1-3&4", "X1-3&4\X1-3&4.vcxproj", "{BDA18719-8007-4885-A5C0-C37BC60DBC05}"
EndProject
Project("{8BC9CEB8-8B4A-11D0-8D11-00A0C91BC942}") = "X2-3&4", "X2-3&4\X2-3&4.vcxproj", "{2012B2DC-F958-4782-B5A5-4A9785C68B76}"
EndProject
Project("{8BC9CEB8-8B4A-11D0-8D11-00A0C91BC942}") = "X3-3&4", "X3-3&4\X3-3&4.vcxproj", "{2BF62377-1DD9-45C6-BAE8-A1AA1E83DC9D}"
EndProject
Project("{2150E333-8FDC-42A3-9474-1A3956D46DE8}") = "Employee_Custom_Hash", "Employee_Custom_Hash", "{745AF2C6-14CF-4C0C-ACA0-4133CDDDCBAB}"
EndProject
Project("{8BC9CEB8-8B4A-11D0-8D11-00A0C91BC942}") = "employee_custom_hash", "employee_custom_hash\employee_custom_hash.vcxproj", "{097EB9A6-CADD-4F83-B5DE-E9EC0266B21B}"
EndProject
Project("{2150E333-8FDC-42A3-9474-1A3956D46DE8}") = "Example_Set", "Example_Set", "{C0ED11B1-3746-48AC-9691-64770AC51810}"
EndProject
Project("{8BC9CEB8-8B4A-11D0-8D11-00A0C91BC942}") = "example_set", "example_set\example_set.vcxproj", "{9B908E8E-8A54-4D62-98F1-79D5D0EE4B82}"
EndProject
Project("{2150E333-8FDC-42A3-9474-1A3956D46DE8}") = "Example_Dictionary", "Example_Dictionary", "{51666D87-0BC6-4961-B986-3371B6896EED}"
EndProject
Project("{8BC9CEB8-8B4A-11D0-8D11-00A0C91BC942}") = "example_dictionary", "example_dictionary\example_dictionary.vcxproj", "{9F5B3512-98C5-4591-94A5-FBD556A1A253}"
EndProject
Project("{8BC9CEB8-8B4A-11D0-8D11-00A0C91BC942}") = "X5-3&4", "X4-3&4\X4-3&4.vcxproj", "{09845080-B3AE-43D9-B816-7024C33B46FD}"
EndProject
Project("{8BC9CEB8-8B4A-11D0-8D11-00A0C91BC942}") = "X6-3&4", "X6\X6.vcxproj", "{4051D146-62FD-4252-8431-002842E9346C}"
EndProject
Project("{2150E333-8FDC-42A3-9474-1A3956D46DE8}") = "Sum Tail", "Sum Tail", "{AB0B7001-2917-43E4-9715-2A1FDA9ADAB5}"
EndProject
Project("{8BC9CEB8-8B4A-11D0-8D11-00A0C91BC942}") = "sumTail", "sumTail\sumTail.vcxproj", "{4D04612F-CDE8-4DDB-A45E-BD2E45353344}"
EndProject
Project("{2150E333-8FDC-42A3-9474-1A3956D46DE8}") = "Sum Project", "Sum Project", "{FB335884-D2B5-4808-8F7E-EF485D250EFA}"
EndProject
Project("{8BC9CEB8-8B4A-11D0-8D11-00A0C91BC942}") = "sum_project", "sum_project\sum_project.vcxproj", "{528479E0-F36F-4560-BAD5-DF8BE01C71D0}"
EndProject
Project("{2150E333-8FDC-42A3-9474-1A3956D46DE8}") = "Week 6", "Week 6", "{EB61562E-2504-4B80-A0C3-DC12BAE32C98}"
EndProject
Project("{2150E333-8FDC-42A3-9474-1A3956D46DE8}") = "Sorting", "Sorting", "{C71DFAA3-30C7-4C8A-9A2E-5E29D5644110}"
EndProject
Project("{8BC9CEB8-8B4A-11D0-8D11-00A0C91BC942}") = "sorting", "sorting\sorting.vcxproj", "{0D9FAEEA-624B-4730-92A8-37F3F762FD51}"
EndProject
Project("{2150E333-8FDC-42A3-9474-1A3956D46DE8}") = "Week5-6 Exercises", "Week5-6 Exercises", "{0CE177FF-247B-4FE9-A532-6983AF78BB07}"
EndProject
Project("{8BC9CEB8-8B4A-11D0-8D11-00A0C91BC942}") = "X1-5&6", "X1-5&6\X1-5&6.vcxproj", "{89F05939-1038-497F-BA1C-5030EB6DB9FC}"
EndProject
Project("{8BC9CEB8-8B4A-11D0-8D11-00A0C91BC942}") = "X2-5&6", "X2-5&6\X2-5&6.vcxproj", "{4E4EC9AC-92BF-4A04-8891-E01C99AA80F1}"
EndProject
Project("{8BC9CEB8-8B4A-11D0-8D11-00A0C91BC942}") = "X3-5&6", "X3-5&6\X3-5&6.vcxproj", "{4289A104-2490-4C97-B1E2-246D05AF9989}"
EndProject
Project("{8BC9CEB8-8B4A-11D0-8D11-00A0C91BC942}") = "X4-5&6", "X4-5&6\X4-5&6.vcxproj", "{E5081FCD-CBD4-428E-8331-86FB8F6DB240}"
EndProject
Project("{8BC9CEB8-8B4A-11D0-8D11-00A0C91BC942}") = "X5-5&6", "X5-5&6\X5-5&6.vcxproj", "{F37FA6A9-6372-4217-8D5D-089BE57FA579}"
EndProject
Project("{8BC9CEB8-8B4A-11D0-8D11-00A0C91BC942}") = "X6-5&6", "X6-5&6\X6-5&6.vcxproj", "{8B0DA574-9243-456F-8D2A-488509385EF2}"
EndProject
Project("{8BC9CEB8-8B4A-11D0-8D11-00A0C91BC942}") = "X7-5&6", "X7-5&6\X7-5&6.vcxproj", "{35AB665C-2DD8-4278-AB50-E6CD7684A7B0}"
EndProject
Project("{8BC9CEB8-8B4A-11D0-8D11-00A0C91BC942}") = "X8-5&6", "X8-5&6\X8-5&6.vcxproj", "{09B903C7-A3FD-4B8A-B6D4-FC2DF3FF7E8C}"
EndProject
Project("{2150E333-8FDC-42A3-9474-1A3956D46DE8}") = "Week 7", "Week 7", "{2084819A-CE38-4975-99B7-690ACF5358C6}"
EndProject
Project("{2150E333-8FDC-42A3-9474-1A3956D46DE8}") = "Binary Heap", "Binary Heap", "{984B6B6B-9D5E-4657-996F-3C9971F22BE6}"
EndProject
Project("{8BC9CEB8-8B4A-11D0-8D11-00A0C91BC942}") = "binary_heap", "binary_heap\binary_heap.vcxproj", "{41095903-95AB-4C53-BA89-0523EA07DEB5}"
EndProject
Project("{2150E333-8FDC-42A3-9474-1A3956D46DE8}") = "Heap Sort", "Heap Sort", "{9BAEC30E-A2CE-4A9E-B4E5-D0B34ACA2D61}"
EndProject
Project("{8BC9CEB8-8B4A-11D0-8D11-00A0C91BC942}") = "heap_sort", "heap_sort\heap_sort.vcxproj", "{F48C9194-4D36-4701-8DDA-FC9E040EE4A5}"
EndProject
Project("{2150E333-8FDC-42A3-9474-1A3956D46DE8}") = "Priority Queue", "Priority Queue", "{9D624297-1D0A-4829-90ED-87981C997E3C}"
EndProject
Project("{8BC9CEB8-8B4A-11D0-8D11-00A0C91BC942}") = "priority_queue", "priority_queue\priority_queue.vcxproj", "{66741E34-F534-4F06-9132-E21EFD6F4A2F}"
EndProject
Project("{2150E333-8FDC-42A3-9474-1A3956D46DE8}") = "Week 8", "Week 8", "{766367C4-C7B3-49B4-BC68-0C865C8E797E}"
EndProject
Project("{8BC9CEB8-8B4A-11D0-8D11-00A0C91BC942}") = "AVL_tree", "AVL_tree\AVL_tree.vcxproj", "{DDCE8EE6-A056-4158-9574-787BD4F5AB2F}"
EndProject
Project("{2150E333-8FDC-42A3-9474-1A3956D46DE8}") = "Week7-8 Exercises", "Week7-8 Exercises", "{7B3826B5-4B20-4584-AD81-150C5FC3B553}"
EndProject
Project("{8BC9CEB8-8B4A-11D0-8D11-00A0C91BC942}") = "X1-7&8", "X1-7&8\X1-7&8.vcxproj", "{B9525A1B-6449-40A3-B29E-8E419F839448}"
EndProject
Project("{8BC9CEB8-8B4A-11D0-8D11-00A0C91BC942}") = "X2-7&8", "X2-7&8\X2-7&8.vcxproj", "{A34EA638-05F1-408F-ABE7-29BA631B2D63}"
EndProject
Project("{8BC9CEB8-8B4A-11D0-8D11-00A0C91BC942}") = "X3-7&8", "X3-7&8\X3-7&8.vcxproj", "{2DC26757-AFEB-4B85-9350-6730F07225A4}"
EndProject
Project("{8BC9CEB8-8B4A-11D0-8D11-00A0C91BC942}") = "X6-7&8", "X6-7&8\X6-7&8.vcxproj", "{3E73C670-F823-44D6-A67F-76E761B68CF4}"
EndProject
Project("{8BC9CEB8-8B4A-11D0-8D11-00A0C91BC942}") = "X7-7&8", "X7-7&8\X7-7&8.vcxproj", "{9650C021-7AEA-4605-A3A5-75C21A187C8C}"
EndProject
Project("{2150E333-8FDC-42A3-9474-1A3956D46DE8}") = "Week 9", "Week 9", "{6A7D5F0E-10F2-458D-83FB-F42A2CDCA701}"
EndProject
Project("{8BC9CEB8-8B4A-11D0-8D11-00A0C91BC942}") = "Graph_search", "Graph_search\Graph_search.vcxproj", "{56BB813B-E25D-4588-92F0-A46FC33D2E9B}"
EndProject
Project("{2150E333-8FDC-42A3-9474-1A3956D46DE8}") = "Eksamen-Svar-2022-24", "Eksamen-Svar-2022-24", "{DEEC9A7F-6EF7-44C6-924E-DED9C4D563AC}"
EndProject
Project("{2150E333-8FDC-42A3-9474-1A3956D46DE8}") = "2022,8. januar", "2022,8. januar", "{15574A9A-936A-48C9-AC81-4103A1239E0C}"
EndProject
Project("{8BC9CEB8-8B4A-11D0-8D11-00A0C91BC942}") = "Opgave2-Jan-2022", "Opgave2-Jan-2022\Opgave2-Jan-2022.vcxproj", "{55F5F2ED-720D-4CF5-9A13-3ECB3AFC6EA3}"
EndProject
Project("{8BC9CEB8-8B4A-11D0-8D11-00A0C91BC942}") = "Opgave4-Jan-2022", "Opgave4-Jan-2022\Opgave4-Jan-2022.vcxproj", "{66EE13B1-C975-4E81-B71E-287958522347}"
EndProject
Project("{2150E333-8FDC-42A3-9474-1A3956D46DE8}") = "Teacher-Assignments-solutions", "Teacher-Assignments-solutions", "{94A76E94-4FED-485F-BAAD-DB414F5A3218}"
EndProject
Project("{2150E333-8FDC-42A3-9474-1A3956D46DE8}") = "Week1+2", "Week1+2", "{5FD37AEF-D5A7-4653-B1BB-75EA1535515F}"
EndProject
Project("{2150E333-8FDC-42A3-9474-1A3956D46DE8}") = "Group2-Assignments-solutions", "Group2-Assignments-solutions", "{BA8F6F57-821E-41CF-96AC-D7F709F74C6F}"
EndProject
Project("{8BC9CEB8-8B4A-11D0-8D11-00A0C91BC942}") = "Opgave5-Jan-2022", "Opgave5-Jan-2022\Opgave5-Jan-2022.vcxproj", "{F05CE401-840B-481B-96D4-EECE690042F0}"
EndProject
Project("{2150E333-8FDC-42A3-9474-1A3956D46DE8}") = "2022,30.maj", "2022,30.maj", "{644B1BBD-4278-422F-B716-5C542A2EBA99}"
EndProject
Project("{8BC9CEB8-8B4A-11D0-8D11-00A0C91BC942}") = "Opgave2-Maj-2022", "Opgave2-Maj-2022\Opgave2-Maj-2022.vcxproj", "{EDAC0483-24D2-4642-9F89-91C5A36750BD}"
EndProject
Project("{8BC9CEB8-8B4A-11D0-8D11-00A0C91BC942}") = "Opgave4-Maj-2022", "Opgave4-Maj-2022\Opgave4-Maj-2022.vcxproj", "{50E190A6-F0C7-4395-8B75-83D6FBF3A223}"
EndProject
Project("{2150E333-8FDC-42A3-9474-1A3956D46DE8}") = "2023,6.januar", "2023,6.januar", "{B24B5E69-5EF1-4F1B-9FC3-EA0F71E50F5A}"
EndProject
Project("{8BC9CEB8-8B4A-11D0-8D11-00A0C91BC942}") = "Opgave1-Jan-2023", "Opgave1-Jan-2023\Opgave1-Jan-2023.vcxproj", "{8DA52209-5B17-4615-8867-8699C46A8D08}"
EndProject
Project("{8BC9CEB8-8B4A-11D0-8D11-00A0C91BC942}") = "Opgave2-Jan-2023", "Opgave2-Jan-2023\Opgave2-Jan-2023.vcxproj", "{3FC4E4AA-A06B-43CC-B102-E2540D218129}"
EndProject
Project("{8BC9CEB8-8B4A-11D0-8D11-00A0C91BC942}") = "Opgave4-Jan-2023", "Opgave4-Jan-2023\Opgave4-Jan-2023.vcxproj", "{8E6C9F0D-1F99-47F0-915C-1DDC021EE17F}"
EndProject
Project("{2150E333-8FDC-42A3-9474-1A3956D46DE8}") = "2023,24.maj", "2023,24.maj", "{6877EFE4-E64B-4074-8D33-5660608E64E7}"
EndProject
Project("{8BC9CEB8-8B4A-11D0-8D11-00A0C91BC942}") = "Opgave1-Maj-2023", "Opgave1-Maj-2023\Opgave1-Maj-2023.vcxproj", "{EBFB6ED1-D4EB-4B7E-9987-ABA2A87EB902}"
EndProject
Project("{8BC9CEB8-8B4A-11D0-8D11-00A0C91BC942}") = "Opgave2-Maj-2023", "Opgave2-Maj-2023\Opgave2-Maj-2023.vcxproj", "{56A75284-A938-4C41-8AF4-D31E94A92ADC}"
EndProject
Project("{8BC9CEB8-8B4A-11D0-8D11-00A0C91BC942}") = "Opgave3-Maj-2023", "Opgave3-Maj-2023\Opgave3-Maj-2023.vcxproj", "{C3AFA6A0-C78D-46D9-A422-F9018CA1B0EC}"
EndProject
Project("{2150E333-8FDC-42A3-9474-1A3956D46DE8}") = "2024,Summer", "2024,Summer", "{8C30F251-D3AA-4E7E-9E0D-E3E04DB575B3}"
EndProject
Project("{8BC9CEB8-8B4A-11D0-8D11-00A0C91BC942}") = "Opgave2-Summer-2024", "Opgave2-Summer-2024\Opgave2-Summer-2024.vcxproj", "{68886A41-40BA-41C5-8772-35DD78D8EC29}"
EndProject
Project("{8BC9CEB8-8B4A-11D0-8D11-00A0C91BC942}") = "Opgave4-Summer-2024", "Opgave4-Summer-2024\Opgave4-Summer-2024.vcxproj", "{BE1736F6-C105-4B91-82ED-8A43F23A0FD4}"
EndProject
Project("{2150E333-8FDC-42A3-9474-1A3956D46DE8}") = "Week-10", "Week-10", "{D702F3AE-3F6D-447E-A151-D1873B2A20B2}"
EndProject
Project("{8BC9CEB8-8B4A-11D0-8D11-00A0C91BC942}") = "Graph", "Graph\Graph.vcxproj", "{ED8C4C70-5BC8-4C53-92FB-91EC3C32C6B3}"
EndProject
Project("{2150E333-8FDC-42A3-9474-1A3956D46DE8}") = "Week3+4", "Week3+4", "{C38A0EA6-73E4-4172-84C0-62C728B8E0AF}"
EndProject
Project("{2150E333-8FDC-42A3-9474-1A3956D46DE8}") = "Week5+6", "Week5+6", "{FEE943F4-5269-49D3-90AB-50BE1B3A02AA}"
EndProject
Project("{2150E333-8FDC-42A3-9474-1A3956D46DE8}") = "Week7+8", "Week7+8", "{227A8108-D012-480C-8784-F5CDFA54423B}"
EndProject
Project("{2150E333-8FDC-42A3-9474-1A3956D46DE8}") = "Week9+10", "Week9+10", "{B58D3FAB-564E-40AE-BFCB-BE87BC47E335}"
EndProject
Project("{2150E333-8FDC-42A3-9474-1A3956D46DE8}") = "Weekz11+12", "Weekz11+12", "{8CFD9FB0-3A00-408A-B547-D9542DE9F58F}"
EndProject
Project("{8BC9CEB8-8B4A-11D0-8D11-00A0C91BC942}") = "Opgave5-Summer-2024", "Opgave5-Summer-2024\Opgave5-Summer-2024.vcxproj", "{64078C5B-5727-42DD-990E-C4A9B5951D1C}"
EndProject
Project("{2150E333-8FDC-42A3-9474-1A3956D46DE8}") = "Utils", "Utils", "{6E99BF9E-44EA-4A3B-A778-A2E2E260740B}"
EndProject
Project("{8BC9CEB8-8B4A-11D0-8D11-00A0C91BC942}") = "Testing", "Testing\Testing.vcxproj", "{E15BD90F-8B73-473E-AE0A-B4AC3AF0E782}"
EndProject
Project("{2150E333-8FDC-42A3-9474-1A3956D46DE8}") = "Week9+10 Exercises", "Week9+10 Exercises", "{E17DE5DE-9BD1-4187-BB63-0E2B63128E6E}"
EndProject
Project("{8BC9CEB8-8B4A-11D0-8D11-00A0C91BC942}") = "X1-9&10", "X1-9&10\X1-9&10.vcxproj", "{784782D3-C3E6-4512-B608-AFCFF6CB6159}"
EndProject
Project("{8BC9CEB8-8B4A-11D0-8D11-00A0C91BC942}") = "X5-9&10", "X5-9&10\X5-9&10.vcxproj", "{34382047-7AAA-4FAD-A4C2-BC06BE3CC2B8}"
EndProject
Project("{8BC9CEB8-8B4A-11D0-8D11-00A0C91BC942}") = "X2-9&10", "X2-9&10\X2-9&10.vcxproj", "{C5038346-8C78-474D-A3E9-51609A787DA4}"
EndProject
Project("{8BC9CEB8-8B4A-11D0-8D11-00A0C91BC942}") = "X3-9&10", "X3-9&10\X3-9&10.vcxproj", "{9F87342E-8F32-4253-941C-DF8683C0A0C0}"
EndProject
Project("{8BC9CEB8-8B4A-11D0-8D11-00A0C91BC942}") = "floydwarshall", "floydwarshall\floydwarshall.vcxproj", "{D79C7566-9050-4B88-91D4-191663B7A5C9}"
EndProject
Project("{8BC9CEB8-8B4A-11D0-8D11-00A0C91BC942}") = "rodCutter", "rodCutter\rodCutter.vcxproj", "{D5EF200F-63C2-4659-B469-91F1794A947A}"
EndProject
Project("{8BC9CEB8-8B4A-11D0-8D11-00A0C91BC942}") = "pointsInPlane", "pointsInPlane\pointsInPlane.vcxproj", "{C4492E69-0639-4177-8D05-8849168F888C}"
EndProject
Global
	GlobalSection(SolutionConfigurationPlatforms) = preSolution
		Debug|x64 = Debug|x64
		Debug|x86 = Debug|x86
		Release|x64 = Release|x64
		Release|x86 = Release|x86
	EndGlobalSection
	GlobalSection(ProjectConfigurationPlatforms) = postSolution
		{C8CAEB83-DCF5-465E-87C3-27D59DAE426F}.Debug|x64.ActiveCfg = Debug|x64
		{C8CAEB83-DCF5-465E-87C3-27D59DAE426F}.Debug|x64.Build.0 = Debug|x64
		{C8CAEB83-DCF5-465E-87C3-27D59DAE426F}.Debug|x86.ActiveCfg = Debug|Win32
		{C8CAEB83-DCF5-465E-87C3-27D59DAE426F}.Debug|x86.Build.0 = Debug|Win32
		{C8CAEB83-DCF5-465E-87C3-27D59DAE426F}.Release|x64.ActiveCfg = Release|x64
		{C8CAEB83-DCF5-465E-87C3-27D59DAE426F}.Release|x64.Build.0 = Release|x64
		{C8CAEB83-DCF5-465E-87C3-27D59DAE426F}.Release|x86.ActiveCfg = Release|Win32
		{C8CAEB83-DCF5-465E-87C3-27D59DAE426F}.Release|x86.Build.0 = Release|Win32
		{E48E695D-6418-4DD4-A03D-118746CAB2D5}.Debug|x64.ActiveCfg = Debug|x64
		{E48E695D-6418-4DD4-A03D-118746CAB2D5}.Debug|x64.Build.0 = Debug|x64
		{E48E695D-6418-4DD4-A03D-118746CAB2D5}.Debug|x86.ActiveCfg = Debug|Win32
		{E48E695D-6418-4DD4-A03D-118746CAB2D5}.Debug|x86.Build.0 = Debug|Win32
		{E48E695D-6418-4DD4-A03D-118746CAB2D5}.Release|x64.ActiveCfg = Release|x64
		{E48E695D-6418-4DD4-A03D-118746CAB2D5}.Release|x64.Build.0 = Release|x64
		{E48E695D-6418-4DD4-A03D-118746CAB2D5}.Release|x86.ActiveCfg = Release|Win32
		{E48E695D-6418-4DD4-A03D-118746CAB2D5}.Release|x86.Build.0 = Release|Win32
		{9AC18EF8-E2C8-4653-BEF1-C4162BA680B8}.Debug|x64.ActiveCfg = Debug|x64
		{9AC18EF8-E2C8-4653-BEF1-C4162BA680B8}.Debug|x64.Build.0 = Debug|x64
		{9AC18EF8-E2C8-4653-BEF1-C4162BA680B8}.Debug|x86.ActiveCfg = Debug|Win32
		{9AC18EF8-E2C8-4653-BEF1-C4162BA680B8}.Debug|x86.Build.0 = Debug|Win32
		{9AC18EF8-E2C8-4653-BEF1-C4162BA680B8}.Release|x64.ActiveCfg = Release|x64
		{9AC18EF8-E2C8-4653-BEF1-C4162BA680B8}.Release|x64.Build.0 = Release|x64
		{9AC18EF8-E2C8-4653-BEF1-C4162BA680B8}.Release|x86.ActiveCfg = Release|Win32
		{9AC18EF8-E2C8-4653-BEF1-C4162BA680B8}.Release|x86.Build.0 = Release|Win32
		{87E0F219-E330-4029-A9E7-556CB5005F9B}.Debug|x64.ActiveCfg = Debug|x64
		{87E0F219-E330-4029-A9E7-556CB5005F9B}.Debug|x64.Build.0 = Debug|x64
		{87E0F219-E330-4029-A9E7-556CB5005F9B}.Debug|x86.ActiveCfg = Debug|Win32
		{87E0F219-E330-4029-A9E7-556CB5005F9B}.Debug|x86.Build.0 = Debug|Win32
		{87E0F219-E330-4029-A9E7-556CB5005F9B}.Release|x64.ActiveCfg = Release|x64
		{87E0F219-E330-4029-A9E7-556CB5005F9B}.Release|x64.Build.0 = Release|x64
		{87E0F219-E330-4029-A9E7-556CB5005F9B}.Release|x86.ActiveCfg = Release|Win32
		{87E0F219-E330-4029-A9E7-556CB5005F9B}.Release|x86.Build.0 = Release|Win32
		{739F62BF-0C69-4FC2-BEDF-8E62276E1937}.Debug|x64.ActiveCfg = Debug|x64
		{739F62BF-0C69-4FC2-BEDF-8E62276E1937}.Debug|x64.Build.0 = Debug|x64
		{739F62BF-0C69-4FC2-BEDF-8E62276E1937}.Debug|x86.ActiveCfg = Debug|Win32
		{739F62BF-0C69-4FC2-BEDF-8E62276E1937}.Debug|x86.Build.0 = Debug|Win32
		{739F62BF-0C69-4FC2-BEDF-8E62276E1937}.Release|x64.ActiveCfg = Release|x64
		{739F62BF-0C69-4FC2-BEDF-8E62276E1937}.Release|x64.Build.0 = Release|x64
		{739F62BF-0C69-4FC2-BEDF-8E62276E1937}.Release|x86.ActiveCfg = Release|Win32
		{739F62BF-0C69-4FC2-BEDF-8E62276E1937}.Release|x86.Build.0 = Release|Win32
		{88A42E55-69A4-4305-8551-90B11619D710}.Debug|x64.ActiveCfg = Debug|x64
		{88A42E55-69A4-4305-8551-90B11619D710}.Debug|x64.Build.0 = Debug|x64
		{88A42E55-69A4-4305-8551-90B11619D710}.Debug|x86.ActiveCfg = Debug|Win32
		{88A42E55-69A4-4305-8551-90B11619D710}.Debug|x86.Build.0 = Debug|Win32
		{88A42E55-69A4-4305-8551-90B11619D710}.Release|x64.ActiveCfg = Release|x64
		{88A42E55-69A4-4305-8551-90B11619D710}.Release|x64.Build.0 = Release|x64
		{88A42E55-69A4-4305-8551-90B11619D710}.Release|x86.ActiveCfg = Release|Win32
		{88A42E55-69A4-4305-8551-90B11619D710}.Release|x86.Build.0 = Release|Win32
		{6BAC2F90-7D1B-49E5-ACAB-1EA26EF72DE2}.Debug|x64.ActiveCfg = Debug|x64
		{6BAC2F90-7D1B-49E5-ACAB-1EA26EF72DE2}.Debug|x64.Build.0 = Debug|x64
		{6BAC2F90-7D1B-49E5-ACAB-1EA26EF72DE2}.Debug|x86.ActiveCfg = Debug|Win32
		{6BAC2F90-7D1B-49E5-ACAB-1EA26EF72DE2}.Debug|x86.Build.0 = Debug|Win32
		{6BAC2F90-7D1B-49E5-ACAB-1EA26EF72DE2}.Release|x64.ActiveCfg = Release|x64
		{6BAC2F90-7D1B-49E5-ACAB-1EA26EF72DE2}.Release|x64.Build.0 = Release|x64
		{6BAC2F90-7D1B-49E5-ACAB-1EA26EF72DE2}.Release|x86.ActiveCfg = Release|Win32
		{6BAC2F90-7D1B-49E5-ACAB-1EA26EF72DE2}.Release|x86.Build.0 = Release|Win32
		{1DCBC562-2096-4F7F-9F49-90C8164F3631}.Debug|x64.ActiveCfg = Debug|x64
		{1DCBC562-2096-4F7F-9F49-90C8164F3631}.Debug|x64.Build.0 = Debug|x64
		{1DCBC562-2096-4F7F-9F49-90C8164F3631}.Debug|x86.ActiveCfg = Debug|Win32
		{1DCBC562-2096-4F7F-9F49-90C8164F3631}.Debug|x86.Build.0 = Debug|Win32
		{1DCBC562-2096-4F7F-9F49-90C8164F3631}.Release|x64.ActiveCfg = Release|x64
		{1DCBC562-2096-4F7F-9F49-90C8164F3631}.Release|x64.Build.0 = Release|x64
		{1DCBC562-2096-4F7F-9F49-90C8164F3631}.Release|x86.ActiveCfg = Release|Win32
		{1DCBC562-2096-4F7F-9F49-90C8164F3631}.Release|x86.Build.0 = Release|Win32
		{7A2287F3-6BC5-44D4-B67F-FB7E8ACD76D5}.Debug|x64.ActiveCfg = Debug|x64
		{7A2287F3-6BC5-44D4-B67F-FB7E8ACD76D5}.Debug|x64.Build.0 = Debug|x64
		{7A2287F3-6BC5-44D4-B67F-FB7E8ACD76D5}.Debug|x86.ActiveCfg = Debug|Win32
		{7A2287F3-6BC5-44D4-B67F-FB7E8ACD76D5}.Debug|x86.Build.0 = Debug|Win32
		{7A2287F3-6BC5-44D4-B67F-FB7E8ACD76D5}.Release|x64.ActiveCfg = Release|x64
		{7A2287F3-6BC5-44D4-B67F-FB7E8ACD76D5}.Release|x64.Build.0 = Release|x64
		{7A2287F3-6BC5-44D4-B67F-FB7E8ACD76D5}.Release|x86.ActiveCfg = Release|Win32
		{7A2287F3-6BC5-44D4-B67F-FB7E8ACD76D5}.Release|x86.Build.0 = Release|Win32
		{AB385019-4296-4CF2-9B22-E17E8628D66B}.Debug|x64.ActiveCfg = Debug|x64
		{AB385019-4296-4CF2-9B22-E17E8628D66B}.Debug|x64.Build.0 = Debug|x64
		{AB385019-4296-4CF2-9B22-E17E8628D66B}.Debug|x86.ActiveCfg = Debug|Win32
		{AB385019-4296-4CF2-9B22-E17E8628D66B}.Debug|x86.Build.0 = Debug|Win32
		{AB385019-4296-4CF2-9B22-E17E8628D66B}.Release|x64.ActiveCfg = Release|x64
		{AB385019-4296-4CF2-9B22-E17E8628D66B}.Release|x64.Build.0 = Release|x64
		{AB385019-4296-4CF2-9B22-E17E8628D66B}.Release|x86.ActiveCfg = Release|Win32
		{AB385019-4296-4CF2-9B22-E17E8628D66B}.Release|x86.Build.0 = Release|Win32
		{F6C3EEF0-AF39-41A0-A8E8-181334D76ECF}.Debug|x64.ActiveCfg = Debug|x64
		{F6C3EEF0-AF39-41A0-A8E8-181334D76ECF}.Debug|x64.Build.0 = Debug|x64
		{F6C3EEF0-AF39-41A0-A8E8-181334D76ECF}.Debug|x86.ActiveCfg = Debug|Win32
		{F6C3EEF0-AF39-41A0-A8E8-181334D76ECF}.Debug|x86.Build.0 = Debug|Win32
		{F6C3EEF0-AF39-41A0-A8E8-181334D76ECF}.Release|x64.ActiveCfg = Release|x64
		{F6C3EEF0-AF39-41A0-A8E8-181334D76ECF}.Release|x64.Build.0 = Release|x64
		{F6C3EEF0-AF39-41A0-A8E8-181334D76ECF}.Release|x86.ActiveCfg = Release|Win32
		{F6C3EEF0-AF39-41A0-A8E8-181334D76ECF}.Release|x86.Build.0 = Release|Win32
		{D9A60761-FD8B-4FB5-998C-04D99D27D2C6}.Debug|x64.ActiveCfg = Debug|x64
		{D9A60761-FD8B-4FB5-998C-04D99D27D2C6}.Debug|x64.Build.0 = Debug|x64
		{D9A60761-FD8B-4FB5-998C-04D99D27D2C6}.Debug|x86.ActiveCfg = Debug|Win32
		{D9A60761-FD8B-4FB5-998C-04D99D27D2C6}.Debug|x86.Build.0 = Debug|Win32
		{D9A60761-FD8B-4FB5-998C-04D99D27D2C6}.Release|x64.ActiveCfg = Release|x64
		{D9A60761-FD8B-4FB5-998C-04D99D27D2C6}.Release|x64.Build.0 = Release|x64
		{D9A60761-FD8B-4FB5-998C-04D99D27D2C6}.Release|x86.ActiveCfg = Release|Win32
		{D9A60761-FD8B-4FB5-998C-04D99D27D2C6}.Release|x86.Build.0 = Release|Win32
		{0A446573-79A9-4CBD-8577-0ED8DA6A5C82}.Debug|x64.ActiveCfg = Debug|x64
		{0A446573-79A9-4CBD-8577-0ED8DA6A5C82}.Debug|x64.Build.0 = Debug|x64
		{0A446573-79A9-4CBD-8577-0ED8DA6A5C82}.Debug|x86.ActiveCfg = Debug|Win32
		{0A446573-79A9-4CBD-8577-0ED8DA6A5C82}.Debug|x86.Build.0 = Debug|Win32
		{0A446573-79A9-4CBD-8577-0ED8DA6A5C82}.Release|x64.ActiveCfg = Release|x64
		{0A446573-79A9-4CBD-8577-0ED8DA6A5C82}.Release|x64.Build.0 = Release|x64
		{0A446573-79A9-4CBD-8577-0ED8DA6A5C82}.Release|x86.ActiveCfg = Release|Win32
		{0A446573-79A9-4CBD-8577-0ED8DA6A5C82}.Release|x86.Build.0 = Release|Win32
		{31C469E0-AE54-4D41-A2E5-20380403ABC1}.Debug|x64.ActiveCfg = Debug|x64
		{31C469E0-AE54-4D41-A2E5-20380403ABC1}.Debug|x64.Build.0 = Debug|x64
		{31C469E0-AE54-4D41-A2E5-20380403ABC1}.Debug|x86.ActiveCfg = Debug|Win32
		{31C469E0-AE54-4D41-A2E5-20380403ABC1}.Debug|x86.Build.0 = Debug|Win32
		{31C469E0-AE54-4D41-A2E5-20380403ABC1}.Release|x64.ActiveCfg = Release|x64
		{31C469E0-AE54-4D41-A2E5-20380403ABC1}.Release|x64.Build.0 = Release|x64
		{31C469E0-AE54-4D41-A2E5-20380403ABC1}.Release|x86.ActiveCfg = Release|Win32
		{31C469E0-AE54-4D41-A2E5-20380403ABC1}.Release|x86.Build.0 = Release|Win32
		{5EDBAEBA-EADF-4B80-8700-83A6EE020CD7}.Debug|x64.ActiveCfg = Debug|x64
		{5EDBAEBA-EADF-4B80-8700-83A6EE020CD7}.Debug|x64.Build.0 = Debug|x64
		{5EDBAEBA-EADF-4B80-8700-83A6EE020CD7}.Debug|x86.ActiveCfg = Debug|Win32
		{5EDBAEBA-EADF-4B80-8700-83A6EE020CD7}.Debug|x86.Build.0 = Debug|Win32
		{5EDBAEBA-EADF-4B80-8700-83A6EE020CD7}.Release|x64.ActiveCfg = Release|x64
		{5EDBAEBA-EADF-4B80-8700-83A6EE020CD7}.Release|x64.Build.0 = Release|x64
		{5EDBAEBA-EADF-4B80-8700-83A6EE020CD7}.Release|x86.ActiveCfg = Release|Win32
		{5EDBAEBA-EADF-4B80-8700-83A6EE020CD7}.Release|x86.Build.0 = Release|Win32
		{D16A0DF3-42E3-4602-ACB5-150EB6C8CA8F}.Debug|x64.ActiveCfg = Debug|x64
		{D16A0DF3-42E3-4602-ACB5-150EB6C8CA8F}.Debug|x64.Build.0 = Debug|x64
		{D16A0DF3-42E3-4602-ACB5-150EB6C8CA8F}.Debug|x86.ActiveCfg = Debug|Win32
		{D16A0DF3-42E3-4602-ACB5-150EB6C8CA8F}.Debug|x86.Build.0 = Debug|Win32
		{D16A0DF3-42E3-4602-ACB5-150EB6C8CA8F}.Release|x64.ActiveCfg = Release|x64
		{D16A0DF3-42E3-4602-ACB5-150EB6C8CA8F}.Release|x64.Build.0 = Release|x64
		{D16A0DF3-42E3-4602-ACB5-150EB6C8CA8F}.Release|x86.ActiveCfg = Release|Win32
		{D16A0DF3-42E3-4602-ACB5-150EB6C8CA8F}.Release|x86.Build.0 = Release|Win32
		{90FE61F5-EC9C-4304-9B79-A6DFBDF71749}.Debug|x64.ActiveCfg = Debug|x64
		{90FE61F5-EC9C-4304-9B79-A6DFBDF71749}.Debug|x64.Build.0 = Debug|x64
		{90FE61F5-EC9C-4304-9B79-A6DFBDF71749}.Debug|x86.ActiveCfg = Debug|Win32
		{90FE61F5-EC9C-4304-9B79-A6DFBDF71749}.Debug|x86.Build.0 = Debug|Win32
		{90FE61F5-EC9C-4304-9B79-A6DFBDF71749}.Release|x64.ActiveCfg = Release|x64
		{90FE61F5-EC9C-4304-9B79-A6DFBDF71749}.Release|x64.Build.0 = Release|x64
		{90FE61F5-EC9C-4304-9B79-A6DFBDF71749}.Release|x86.ActiveCfg = Release|Win32
		{90FE61F5-EC9C-4304-9B79-A6DFBDF71749}.Release|x86.Build.0 = Release|Win32
		{25EC77A4-2746-4E19-A0D9-F2E3D8050B7B}.Debug|x64.ActiveCfg = Debug|x64
		{25EC77A4-2746-4E19-A0D9-F2E3D8050B7B}.Debug|x64.Build.0 = Debug|x64
		{25EC77A4-2746-4E19-A0D9-F2E3D8050B7B}.Debug|x86.ActiveCfg = Debug|Win32
		{25EC77A4-2746-4E19-A0D9-F2E3D8050B7B}.Debug|x86.Build.0 = Debug|Win32
		{25EC77A4-2746-4E19-A0D9-F2E3D8050B7B}.Release|x64.ActiveCfg = Release|x64
		{25EC77A4-2746-4E19-A0D9-F2E3D8050B7B}.Release|x64.Build.0 = Release|x64
		{25EC77A4-2746-4E19-A0D9-F2E3D8050B7B}.Release|x86.ActiveCfg = Release|Win32
		{25EC77A4-2746-4E19-A0D9-F2E3D8050B7B}.Release|x86.Build.0 = Release|Win32
		{967C613C-8DB1-4BB9-AD27-D8D0CADA6930}.Debug|x64.ActiveCfg = Debug|x64
		{967C613C-8DB1-4BB9-AD27-D8D0CADA6930}.Debug|x64.Build.0 = Debug|x64
		{967C613C-8DB1-4BB9-AD27-D8D0CADA6930}.Debug|x86.ActiveCfg = Debug|Win32
		{967C613C-8DB1-4BB9-AD27-D8D0CADA6930}.Debug|x86.Build.0 = Debug|Win32
		{967C613C-8DB1-4BB9-AD27-D8D0CADA6930}.Release|x64.ActiveCfg = Release|x64
		{967C613C-8DB1-4BB9-AD27-D8D0CADA6930}.Release|x64.Build.0 = Release|x64
		{967C613C-8DB1-4BB9-AD27-D8D0CADA6930}.Release|x86.ActiveCfg = Release|Win32
		{967C613C-8DB1-4BB9-AD27-D8D0CADA6930}.Release|x86.Build.0 = Release|Win32
		{30D1F1D4-6842-433C-B198-8711A0241C7A}.Debug|x64.ActiveCfg = Debug|x64
		{30D1F1D4-6842-433C-B198-8711A0241C7A}.Debug|x64.Build.0 = Debug|x64
		{30D1F1D4-6842-433C-B198-8711A0241C7A}.Debug|x86.ActiveCfg = Debug|Win32
		{30D1F1D4-6842-433C-B198-8711A0241C7A}.Debug|x86.Build.0 = Debug|Win32
		{30D1F1D4-6842-433C-B198-8711A0241C7A}.Release|x64.ActiveCfg = Release|x64
		{30D1F1D4-6842-433C-B198-8711A0241C7A}.Release|x64.Build.0 = Release|x64
		{30D1F1D4-6842-433C-B198-8711A0241C7A}.Release|x86.ActiveCfg = Release|Win32
		{30D1F1D4-6842-433C-B198-8711A0241C7A}.Release|x86.Build.0 = Release|Win32
		{82168D28-8817-407A-BF92-AC2FB410F3D0}.Debug|x64.ActiveCfg = Debug|x64
		{82168D28-8817-407A-BF92-AC2FB410F3D0}.Debug|x64.Build.0 = Debug|x64
		{82168D28-8817-407A-BF92-AC2FB410F3D0}.Debug|x86.ActiveCfg = Debug|Win32
		{82168D28-8817-407A-BF92-AC2FB410F3D0}.Debug|x86.Build.0 = Debug|Win32
		{82168D28-8817-407A-BF92-AC2FB410F3D0}.Release|x64.ActiveCfg = Release|x64
		{82168D28-8817-407A-BF92-AC2FB410F3D0}.Release|x64.Build.0 = Release|x64
		{82168D28-8817-407A-BF92-AC2FB410F3D0}.Release|x86.ActiveCfg = Release|Win32
		{82168D28-8817-407A-BF92-AC2FB410F3D0}.Release|x86.Build.0 = Release|Win32
		{A1C4B93F-249B-44A6-ACFE-BC583A44BE93}.Debug|x64.ActiveCfg = Debug|x64
		{A1C4B93F-249B-44A6-ACFE-BC583A44BE93}.Debug|x64.Build.0 = Debug|x64
		{A1C4B93F-249B-44A6-ACFE-BC583A44BE93}.Debug|x86.ActiveCfg = Debug|Win32
		{A1C4B93F-249B-44A6-ACFE-BC583A44BE93}.Debug|x86.Build.0 = Debug|Win32
		{A1C4B93F-249B-44A6-ACFE-BC583A44BE93}.Release|x64.ActiveCfg = Release|x64
		{A1C4B93F-249B-44A6-ACFE-BC583A44BE93}.Release|x64.Build.0 = Release|x64
		{A1C4B93F-249B-44A6-ACFE-BC583A44BE93}.Release|x86.ActiveCfg = Release|Win32
		{A1C4B93F-249B-44A6-ACFE-BC583A44BE93}.Release|x86.Build.0 = Release|Win32
		{3BCA28F8-C0D1-432A-B4D4-296370E80316}.Debug|x64.ActiveCfg = Debug|x64
		{3BCA28F8-C0D1-432A-B4D4-296370E80316}.Debug|x64.Build.0 = Debug|x64
		{3BCA28F8-C0D1-432A-B4D4-296370E80316}.Debug|x86.ActiveCfg = Debug|Win32
		{3BCA28F8-C0D1-432A-B4D4-296370E80316}.Debug|x86.Build.0 = Debug|Win32
		{3BCA28F8-C0D1-432A-B4D4-296370E80316}.Release|x64.ActiveCfg = Release|x64
		{3BCA28F8-C0D1-432A-B4D4-296370E80316}.Release|x64.Build.0 = Release|x64
		{3BCA28F8-C0D1-432A-B4D4-296370E80316}.Release|x86.ActiveCfg = Release|Win32
		{3BCA28F8-C0D1-432A-B4D4-296370E80316}.Release|x86.Build.0 = Release|Win32
		{DD852BA0-CFFC-4533-9AF4-42013DE86A0C}.Debug|x64.ActiveCfg = Debug|x64
		{DD852BA0-CFFC-4533-9AF4-42013DE86A0C}.Debug|x64.Build.0 = Debug|x64
		{DD852BA0-CFFC-4533-9AF4-42013DE86A0C}.Debug|x86.ActiveCfg = Debug|Win32
		{DD852BA0-CFFC-4533-9AF4-42013DE86A0C}.Debug|x86.Build.0 = Debug|Win32
		{DD852BA0-CFFC-4533-9AF4-42013DE86A0C}.Release|x64.ActiveCfg = Release|x64
		{DD852BA0-CFFC-4533-9AF4-42013DE86A0C}.Release|x64.Build.0 = Release|x64
		{DD852BA0-CFFC-4533-9AF4-42013DE86A0C}.Release|x86.ActiveCfg = Release|Win32
		{DD852BA0-CFFC-4533-9AF4-42013DE86A0C}.Release|x86.Build.0 = Release|Win32
		{47E011FA-19D9-43A8-B5C5-EF402C5393C1}.Debug|x64.ActiveCfg = Debug|x64
		{47E011FA-19D9-43A8-B5C5-EF402C5393C1}.Debug|x64.Build.0 = Debug|x64
		{47E011FA-19D9-43A8-B5C5-EF402C5393C1}.Debug|x86.ActiveCfg = Debug|Win32
		{47E011FA-19D9-43A8-B5C5-EF402C5393C1}.Debug|x86.Build.0 = Debug|Win32
		{47E011FA-19D9-43A8-B5C5-EF402C5393C1}.Release|x64.ActiveCfg = Release|x64
		{47E011FA-19D9-43A8-B5C5-EF402C5393C1}.Release|x64.Build.0 = Release|x64
		{47E011FA-19D9-43A8-B5C5-EF402C5393C1}.Release|x86.ActiveCfg = Release|Win32
		{47E011FA-19D9-43A8-B5C5-EF402C5393C1}.Release|x86.Build.0 = Release|Win32
		{BDA18719-8007-4885-A5C0-C37BC60DBC05}.Debug|x64.ActiveCfg = Debug|x64
		{BDA18719-8007-4885-A5C0-C37BC60DBC05}.Debug|x64.Build.0 = Debug|x64
		{BDA18719-8007-4885-A5C0-C37BC60DBC05}.Debug|x86.ActiveCfg = Debug|Win32
		{BDA18719-8007-4885-A5C0-C37BC60DBC05}.Debug|x86.Build.0 = Debug|Win32
		{BDA18719-8007-4885-A5C0-C37BC60DBC05}.Release|x64.ActiveCfg = Release|x64
		{BDA18719-8007-4885-A5C0-C37BC60DBC05}.Release|x64.Build.0 = Release|x64
		{BDA18719-8007-4885-A5C0-C37BC60DBC05}.Release|x86.ActiveCfg = Release|Win32
		{BDA18719-8007-4885-A5C0-C37BC60DBC05}.Release|x86.Build.0 = Release|Win32
		{2012B2DC-F958-4782-B5A5-4A9785C68B76}.Debug|x64.ActiveCfg = Debug|x64
		{2012B2DC-F958-4782-B5A5-4A9785C68B76}.Debug|x64.Build.0 = Debug|x64
		{2012B2DC-F958-4782-B5A5-4A9785C68B76}.Debug|x86.ActiveCfg = Debug|Win32
		{2012B2DC-F958-4782-B5A5-4A9785C68B76}.Debug|x86.Build.0 = Debug|Win32
		{2012B2DC-F958-4782-B5A5-4A9785C68B76}.Release|x64.ActiveCfg = Release|x64
		{2012B2DC-F958-4782-B5A5-4A9785C68B76}.Release|x64.Build.0 = Release|x64
		{2012B2DC-F958-4782-B5A5-4A9785C68B76}.Release|x86.ActiveCfg = Release|Win32
		{2012B2DC-F958-4782-B5A5-4A9785C68B76}.Release|x86.Build.0 = Release|Win32
		{2BF62377-1DD9-45C6-BAE8-A1AA1E83DC9D}.Debug|x64.ActiveCfg = Debug|x64
		{2BF62377-1DD9-45C6-BAE8-A1AA1E83DC9D}.Debug|x64.Build.0 = Debug|x64
		{2BF62377-1DD9-45C6-BAE8-A1AA1E83DC9D}.Debug|x86.ActiveCfg = Debug|Win32
		{2BF62377-1DD9-45C6-BAE8-A1AA1E83DC9D}.Debug|x86.Build.0 = Debug|Win32
		{2BF62377-1DD9-45C6-BAE8-A1AA1E83DC9D}.Release|x64.ActiveCfg = Release|x64
		{2BF62377-1DD9-45C6-BAE8-A1AA1E83DC9D}.Release|x64.Build.0 = Release|x64
		{2BF62377-1DD9-45C6-BAE8-A1AA1E83DC9D}.Release|x86.ActiveCfg = Release|Win32
		{2BF62377-1DD9-45C6-BAE8-A1AA1E83DC9D}.Release|x86.Build.0 = Release|Win32
		{097EB9A6-CADD-4F83-B5DE-E9EC0266B21B}.Debug|x64.ActiveCfg = Debug|x64
		{097EB9A6-CADD-4F83-B5DE-E9EC0266B21B}.Debug|x64.Build.0 = Debug|x64
		{097EB9A6-CADD-4F83-B5DE-E9EC0266B21B}.Debug|x86.ActiveCfg = Debug|Win32
		{097EB9A6-CADD-4F83-B5DE-E9EC0266B21B}.Debug|x86.Build.0 = Debug|Win32
		{097EB9A6-CADD-4F83-B5DE-E9EC0266B21B}.Release|x64.ActiveCfg = Release|x64
		{097EB9A6-CADD-4F83-B5DE-E9EC0266B21B}.Release|x64.Build.0 = Release|x64
		{097EB9A6-CADD-4F83-B5DE-E9EC0266B21B}.Release|x86.ActiveCfg = Release|Win32
		{097EB9A6-CADD-4F83-B5DE-E9EC0266B21B}.Release|x86.Build.0 = Release|Win32
		{9B908E8E-8A54-4D62-98F1-79D5D0EE4B82}.Debug|x64.ActiveCfg = Debug|x64
		{9B908E8E-8A54-4D62-98F1-79D5D0EE4B82}.Debug|x64.Build.0 = Debug|x64
		{9B908E8E-8A54-4D62-98F1-79D5D0EE4B82}.Debug|x86.ActiveCfg = Debug|Win32
		{9B908E8E-8A54-4D62-98F1-79D5D0EE4B82}.Debug|x86.Build.0 = Debug|Win32
		{9B908E8E-8A54-4D62-98F1-79D5D0EE4B82}.Release|x64.ActiveCfg = Release|x64
		{9B908E8E-8A54-4D62-98F1-79D5D0EE4B82}.Release|x64.Build.0 = Release|x64
		{9B908E8E-8A54-4D62-98F1-79D5D0EE4B82}.Release|x86.ActiveCfg = Release|Win32
		{9B908E8E-8A54-4D62-98F1-79D5D0EE4B82}.Release|x86.Build.0 = Release|Win32
		{9F5B3512-98C5-4591-94A5-FBD556A1A253}.Debug|x64.ActiveCfg = Debug|x64
		{9F5B3512-98C5-4591-94A5-FBD556A1A253}.Debug|x64.Build.0 = Debug|x64
		{9F5B3512-98C5-4591-94A5-FBD556A1A253}.Debug|x86.ActiveCfg = Debug|Win32
		{9F5B3512-98C5-4591-94A5-FBD556A1A253}.Debug|x86.Build.0 = Debug|Win32
		{9F5B3512-98C5-4591-94A5-FBD556A1A253}.Release|x64.ActiveCfg = Release|x64
		{9F5B3512-98C5-4591-94A5-FBD556A1A253}.Release|x64.Build.0 = Release|x64
		{9F5B3512-98C5-4591-94A5-FBD556A1A253}.Release|x86.ActiveCfg = Release|Win32
		{9F5B3512-98C5-4591-94A5-FBD556A1A253}.Release|x86.Build.0 = Release|Win32
		{09845080-B3AE-43D9-B816-7024C33B46FD}.Debug|x64.ActiveCfg = Debug|x64
		{09845080-B3AE-43D9-B816-7024C33B46FD}.Debug|x64.Build.0 = Debug|x64
		{09845080-B3AE-43D9-B816-7024C33B46FD}.Debug|x86.ActiveCfg = Debug|Win32
		{09845080-B3AE-43D9-B816-7024C33B46FD}.Debug|x86.Build.0 = Debug|Win32
		{09845080-B3AE-43D9-B816-7024C33B46FD}.Release|x64.ActiveCfg = Release|x64
		{09845080-B3AE-43D9-B816-7024C33B46FD}.Release|x64.Build.0 = Release|x64
		{09845080-B3AE-43D9-B816-7024C33B46FD}.Release|x86.ActiveCfg = Release|Win32
		{09845080-B3AE-43D9-B816-7024C33B46FD}.Release|x86.Build.0 = Release|Win32
		{4051D146-62FD-4252-8431-002842E9346C}.Debug|x64.ActiveCfg = Debug|x64
		{4051D146-62FD-4252-8431-002842E9346C}.Debug|x64.Build.0 = Debug|x64
		{4051D146-62FD-4252-8431-002842E9346C}.Debug|x86.ActiveCfg = Debug|Win32
		{4051D146-62FD-4252-8431-002842E9346C}.Debug|x86.Build.0 = Debug|Win32
		{4051D146-62FD-4252-8431-002842E9346C}.Release|x64.ActiveCfg = Release|x64
		{4051D146-62FD-4252-8431-002842E9346C}.Release|x64.Build.0 = Release|x64
		{4051D146-62FD-4252-8431-002842E9346C}.Release|x86.ActiveCfg = Release|Win32
		{4051D146-62FD-4252-8431-002842E9346C}.Release|x86.Build.0 = Release|Win32
		{4D04612F-CDE8-4DDB-A45E-BD2E45353344}.Debug|x64.ActiveCfg = Debug|x64
		{4D04612F-CDE8-4DDB-A45E-BD2E45353344}.Debug|x64.Build.0 = Debug|x64
		{4D04612F-CDE8-4DDB-A45E-BD2E45353344}.Debug|x86.ActiveCfg = Debug|Win32
		{4D04612F-CDE8-4DDB-A45E-BD2E45353344}.Debug|x86.Build.0 = Debug|Win32
		{4D04612F-CDE8-4DDB-A45E-BD2E45353344}.Release|x64.ActiveCfg = Release|x64
		{4D04612F-CDE8-4DDB-A45E-BD2E45353344}.Release|x64.Build.0 = Release|x64
		{4D04612F-CDE8-4DDB-A45E-BD2E45353344}.Release|x86.ActiveCfg = Release|Win32
		{4D04612F-CDE8-4DDB-A45E-BD2E45353344}.Release|x86.Build.0 = Release|Win32
		{528479E0-F36F-4560-BAD5-DF8BE01C71D0}.Debug|x64.ActiveCfg = Debug|x64
		{528479E0-F36F-4560-BAD5-DF8BE01C71D0}.Debug|x64.Build.0 = Debug|x64
		{528479E0-F36F-4560-BAD5-DF8BE01C71D0}.Debug|x86.ActiveCfg = Debug|Win32
		{528479E0-F36F-4560-BAD5-DF8BE01C71D0}.Debug|x86.Build.0 = Debug|Win32
		{528479E0-F36F-4560-BAD5-DF8BE01C71D0}.Release|x64.ActiveCfg = Release|x64
		{528479E0-F36F-4560-BAD5-DF8BE01C71D0}.Release|x64.Build.0 = Release|x64
		{528479E0-F36F-4560-BAD5-DF8BE01C71D0}.Release|x86.ActiveCfg = Release|Win32
		{528479E0-F36F-4560-BAD5-DF8BE01C71D0}.Release|x86.Build.0 = Release|Win32
		{0D9FAEEA-624B-4730-92A8-37F3F762FD51}.Debug|x64.ActiveCfg = Debug|x64
		{0D9FAEEA-624B-4730-92A8-37F3F762FD51}.Debug|x64.Build.0 = Debug|x64
		{0D9FAEEA-624B-4730-92A8-37F3F762FD51}.Debug|x86.ActiveCfg = Debug|Win32
		{0D9FAEEA-624B-4730-92A8-37F3F762FD51}.Debug|x86.Build.0 = Debug|Win32
		{0D9FAEEA-624B-4730-92A8-37F3F762FD51}.Release|x64.ActiveCfg = Release|x64
		{0D9FAEEA-624B-4730-92A8-37F3F762FD51}.Release|x64.Build.0 = Release|x64
		{0D9FAEEA-624B-4730-92A8-37F3F762FD51}.Release|x86.ActiveCfg = Release|Win32
		{0D9FAEEA-624B-4730-92A8-37F3F762FD51}.Release|x86.Build.0 = Release|Win32
		{89F05939-1038-497F-BA1C-5030EB6DB9FC}.Debug|x64.ActiveCfg = Debug|x64
		{89F05939-1038-497F-BA1C-5030EB6DB9FC}.Debug|x64.Build.0 = Debug|x64
		{89F05939-1038-497F-BA1C-5030EB6DB9FC}.Debug|x86.ActiveCfg = Debug|Win32
		{89F05939-1038-497F-BA1C-5030EB6DB9FC}.Debug|x86.Build.0 = Debug|Win32
		{89F05939-1038-497F-BA1C-5030EB6DB9FC}.Release|x64.ActiveCfg = Release|x64
		{89F05939-1038-497F-BA1C-5030EB6DB9FC}.Release|x64.Build.0 = Release|x64
		{89F05939-1038-497F-BA1C-5030EB6DB9FC}.Release|x86.ActiveCfg = Release|Win32
		{89F05939-1038-497F-BA1C-5030EB6DB9FC}.Release|x86.Build.0 = Release|Win32
		{4E4EC9AC-92BF-4A04-8891-E01C99AA80F1}.Debug|x64.ActiveCfg = Debug|x64
		{4E4EC9AC-92BF-4A04-8891-E01C99AA80F1}.Debug|x64.Build.0 = Debug|x64
		{4E4EC9AC-92BF-4A04-8891-E01C99AA80F1}.Debug|x86.ActiveCfg = Debug|Win32
		{4E4EC9AC-92BF-4A04-8891-E01C99AA80F1}.Debug|x86.Build.0 = Debug|Win32
		{4E4EC9AC-92BF-4A04-8891-E01C99AA80F1}.Release|x64.ActiveCfg = Release|x64
		{4E4EC9AC-92BF-4A04-8891-E01C99AA80F1}.Release|x64.Build.0 = Release|x64
		{4E4EC9AC-92BF-4A04-8891-E01C99AA80F1}.Release|x86.ActiveCfg = Release|Win32
		{4E4EC9AC-92BF-4A04-8891-E01C99AA80F1}.Release|x86.Build.0 = Release|Win32
		{4289A104-2490-4C97-B1E2-246D05AF9989}.Debug|x64.ActiveCfg = Debug|x64
		{4289A104-2490-4C97-B1E2-246D05AF9989}.Debug|x64.Build.0 = Debug|x64
		{4289A104-2490-4C97-B1E2-246D05AF9989}.Debug|x86.ActiveCfg = Debug|Win32
		{4289A104-2490-4C97-B1E2-246D05AF9989}.Debug|x86.Build.0 = Debug|Win32
		{4289A104-2490-4C97-B1E2-246D05AF9989}.Release|x64.ActiveCfg = Release|x64
		{4289A104-2490-4C97-B1E2-246D05AF9989}.Release|x64.Build.0 = Release|x64
		{4289A104-2490-4C97-B1E2-246D05AF9989}.Release|x86.ActiveCfg = Release|Win32
		{4289A104-2490-4C97-B1E2-246D05AF9989}.Release|x86.Build.0 = Release|Win32
		{E5081FCD-CBD4-428E-8331-86FB8F6DB240}.Debug|x64.ActiveCfg = Debug|x64
		{E5081FCD-CBD4-428E-8331-86FB8F6DB240}.Debug|x64.Build.0 = Debug|x64
		{E5081FCD-CBD4-428E-8331-86FB8F6DB240}.Debug|x86.ActiveCfg = Debug|Win32
		{E5081FCD-CBD4-428E-8331-86FB8F6DB240}.Debug|x86.Build.0 = Debug|Win32
		{E5081FCD-CBD4-428E-8331-86FB8F6DB240}.Release|x64.ActiveCfg = Release|x64
		{E5081FCD-CBD4-428E-8331-86FB8F6DB240}.Release|x64.Build.0 = Release|x64
		{E5081FCD-CBD4-428E-8331-86FB8F6DB240}.Release|x86.ActiveCfg = Release|Win32
		{E5081FCD-CBD4-428E-8331-86FB8F6DB240}.Release|x86.Build.0 = Release|Win32
		{F37FA6A9-6372-4217-8D5D-089BE57FA579}.Debug|x64.ActiveCfg = Debug|x64
		{F37FA6A9-6372-4217-8D5D-089BE57FA579}.Debug|x64.Build.0 = Debug|x64
		{F37FA6A9-6372-4217-8D5D-089BE57FA579}.Debug|x86.ActiveCfg = Debug|Win32
		{F37FA6A9-6372-4217-8D5D-089BE57FA579}.Debug|x86.Build.0 = Debug|Win32
		{F37FA6A9-6372-4217-8D5D-089BE57FA579}.Release|x64.ActiveCfg = Release|x64
		{F37FA6A9-6372-4217-8D5D-089BE57FA579}.Release|x64.Build.0 = Release|x64
		{F37FA6A9-6372-4217-8D5D-089BE57FA579}.Release|x86.ActiveCfg = Release|Win32
		{F37FA6A9-6372-4217-8D5D-089BE57FA579}.Release|x86.Build.0 = Release|Win32
		{8B0DA574-9243-456F-8D2A-488509385EF2}.Debug|x64.ActiveCfg = Debug|x64
		{8B0DA574-9243-456F-8D2A-488509385EF2}.Debug|x64.Build.0 = Debug|x64
		{8B0DA574-9243-456F-8D2A-488509385EF2}.Debug|x86.ActiveCfg = Debug|Win32
		{8B0DA574-9243-456F-8D2A-488509385EF2}.Debug|x86.Build.0 = Debug|Win32
		{8B0DA574-9243-456F-8D2A-488509385EF2}.Release|x64.ActiveCfg = Release|x64
		{8B0DA574-9243-456F-8D2A-488509385EF2}.Release|x64.Build.0 = Release|x64
		{8B0DA574-9243-456F-8D2A-488509385EF2}.Release|x86.ActiveCfg = Release|Win32
		{8B0DA574-9243-456F-8D2A-488509385EF2}.Release|x86.Build.0 = Release|Win32
		{35AB665C-2DD8-4278-AB50-E6CD7684A7B0}.Debug|x64.ActiveCfg = Debug|x64
		{35AB665C-2DD8-4278-AB50-E6CD7684A7B0}.Debug|x64.Build.0 = Debug|x64
		{35AB665C-2DD8-4278-AB50-E6CD7684A7B0}.Debug|x86.ActiveCfg = Debug|Win32
		{35AB665C-2DD8-4278-AB50-E6CD7684A7B0}.Debug|x86.Build.0 = Debug|Win32
		{35AB665C-2DD8-4278-AB50-E6CD7684A7B0}.Release|x64.ActiveCfg = Release|x64
		{35AB665C-2DD8-4278-AB50-E6CD7684A7B0}.Release|x64.Build.0 = Release|x64
		{35AB665C-2DD8-4278-AB50-E6CD7684A7B0}.Release|x86.ActiveCfg = Release|Win32
		{35AB665C-2DD8-4278-AB50-E6CD7684A7B0}.Release|x86.Build.0 = Release|Win32
		{09B903C7-A3FD-4B8A-B6D4-FC2DF3FF7E8C}.Debug|x64.ActiveCfg = Debug|x64
		{09B903C7-A3FD-4B8A-B6D4-FC2DF3FF7E8C}.Debug|x64.Build.0 = Debug|x64
		{09B903C7-A3FD-4B8A-B6D4-FC2DF3FF7E8C}.Debug|x86.ActiveCfg = Debug|Win32
		{09B903C7-A3FD-4B8A-B6D4-FC2DF3FF7E8C}.Debug|x86.Build.0 = Debug|Win32
		{09B903C7-A3FD-4B8A-B6D4-FC2DF3FF7E8C}.Release|x64.ActiveCfg = Release|x64
		{09B903C7-A3FD-4B8A-B6D4-FC2DF3FF7E8C}.Release|x64.Build.0 = Release|x64
		{09B903C7-A3FD-4B8A-B6D4-FC2DF3FF7E8C}.Release|x86.ActiveCfg = Release|Win32
		{09B903C7-A3FD-4B8A-B6D4-FC2DF3FF7E8C}.Release|x86.Build.0 = Release|Win32
		{41095903-95AB-4C53-BA89-0523EA07DEB5}.Debug|x64.ActiveCfg = Debug|x64
		{41095903-95AB-4C53-BA89-0523EA07DEB5}.Debug|x64.Build.0 = Debug|x64
		{41095903-95AB-4C53-BA89-0523EA07DEB5}.Debug|x86.ActiveCfg = Debug|Win32
		{41095903-95AB-4C53-BA89-0523EA07DEB5}.Debug|x86.Build.0 = Debug|Win32
		{41095903-95AB-4C53-BA89-0523EA07DEB5}.Release|x64.ActiveCfg = Release|x64
		{41095903-95AB-4C53-BA89-0523EA07DEB5}.Release|x64.Build.0 = Release|x64
		{41095903-95AB-4C53-BA89-0523EA07DEB5}.Release|x86.ActiveCfg = Release|Win32
		{41095903-95AB-4C53-BA89-0523EA07DEB5}.Release|x86.Build.0 = Release|Win32
		{F48C9194-4D36-4701-8DDA-FC9E040EE4A5}.Debug|x64.ActiveCfg = Debug|x64
		{F48C9194-4D36-4701-8DDA-FC9E040EE4A5}.Debug|x64.Build.0 = Debug|x64
		{F48C9194-4D36-4701-8DDA-FC9E040EE4A5}.Debug|x86.ActiveCfg = Debug|Win32
		{F48C9194-4D36-4701-8DDA-FC9E040EE4A5}.Debug|x86.Build.0 = Debug|Win32
		{F48C9194-4D36-4701-8DDA-FC9E040EE4A5}.Release|x64.ActiveCfg = Release|x64
		{F48C9194-4D36-4701-8DDA-FC9E040EE4A5}.Release|x64.Build.0 = Release|x64
		{F48C9194-4D36-4701-8DDA-FC9E040EE4A5}.Release|x86.ActiveCfg = Release|Win32
		{F48C9194-4D36-4701-8DDA-FC9E040EE4A5}.Release|x86.Build.0 = Release|Win32
		{66741E34-F534-4F06-9132-E21EFD6F4A2F}.Debug|x64.ActiveCfg = Debug|x64
		{66741E34-F534-4F06-9132-E21EFD6F4A2F}.Debug|x64.Build.0 = Debug|x64
		{66741E34-F534-4F06-9132-E21EFD6F4A2F}.Debug|x86.ActiveCfg = Debug|Win32
		{66741E34-F534-4F06-9132-E21EFD6F4A2F}.Debug|x86.Build.0 = Debug|Win32
		{66741E34-F534-4F06-9132-E21EFD6F4A2F}.Release|x64.ActiveCfg = Release|x64
		{66741E34-F534-4F06-9132-E21EFD6F4A2F}.Release|x64.Build.0 = Release|x64
		{66741E34-F534-4F06-9132-E21EFD6F4A2F}.Release|x86.ActiveCfg = Release|Win32
		{66741E34-F534-4F06-9132-E21EFD6F4A2F}.Release|x86.Build.0 = Release|Win32
		{DDCE8EE6-A056-4158-9574-787BD4F5AB2F}.Debug|x64.ActiveCfg = Debug|x64
		{DDCE8EE6-A056-4158-9574-787BD4F5AB2F}.Debug|x64.Build.0 = Debug|x64
		{DDCE8EE6-A056-4158-9574-787BD4F5AB2F}.Debug|x86.ActiveCfg = Debug|Win32
		{DDCE8EE6-A056-4158-9574-787BD4F5AB2F}.Debug|x86.Build.0 = Debug|Win32
		{DDCE8EE6-A056-4158-9574-787BD4F5AB2F}.Release|x64.ActiveCfg = Release|x64
		{DDCE8EE6-A056-4158-9574-787BD4F5AB2F}.Release|x64.Build.0 = Release|x64
		{DDCE8EE6-A056-4158-9574-787BD4F5AB2F}.Release|x86.ActiveCfg = Release|Win32
		{DDCE8EE6-A056-4158-9574-787BD4F5AB2F}.Release|x86.Build.0 = Release|Win32
		{B9525A1B-6449-40A3-B29E-8E419F839448}.Debug|x64.ActiveCfg = Debug|x64
		{B9525A1B-6449-40A3-B29E-8E419F839448}.Debug|x64.Build.0 = Debug|x64
		{B9525A1B-6449-40A3-B29E-8E419F839448}.Debug|x86.ActiveCfg = Debug|Win32
		{B9525A1B-6449-40A3-B29E-8E419F839448}.Debug|x86.Build.0 = Debug|Win32
		{B9525A1B-6449-40A3-B29E-8E419F839448}.Release|x64.ActiveCfg = Release|x64
		{B9525A1B-6449-40A3-B29E-8E419F839448}.Release|x64.Build.0 = Release|x64
		{B9525A1B-6449-40A3-B29E-8E419F839448}.Release|x86.ActiveCfg = Release|Win32
		{B9525A1B-6449-40A3-B29E-8E419F839448}.Release|x86.Build.0 = Release|Win32
		{A34EA638-05F1-408F-ABE7-29BA631B2D63}.Debug|x64.ActiveCfg = Debug|x64
		{A34EA638-05F1-408F-ABE7-29BA631B2D63}.Debug|x64.Build.0 = Debug|x64
		{A34EA638-05F1-408F-ABE7-29BA631B2D63}.Debug|x86.ActiveCfg = Debug|Win32
		{A34EA638-05F1-408F-ABE7-29BA631B2D63}.Debug|x86.Build.0 = Debug|Win32
		{A34EA638-05F1-408F-ABE7-29BA631B2D63}.Release|x64.ActiveCfg = Release|x64
		{A34EA638-05F1-408F-ABE7-29BA631B2D63}.Release|x64.Build.0 = Release|x64
		{A34EA638-05F1-408F-ABE7-29BA631B2D63}.Release|x86.ActiveCfg = Release|Win32
		{A34EA638-05F1-408F-ABE7-29BA631B2D63}.Release|x86.Build.0 = Release|Win32
		{2DC26757-AFEB-4B85-9350-6730F07225A4}.Debug|x64.ActiveCfg = Debug|x64
		{2DC26757-AFEB-4B85-9350-6730F07225A4}.Debug|x64.Build.0 = Debug|x64
		{2DC26757-AFEB-4B85-9350-6730F07225A4}.Debug|x86.ActiveCfg = Debug|Win32
		{2DC26757-AFEB-4B85-9350-6730F07225A4}.Debug|x86.Build.0 = Debug|Win32
		{2DC26757-AFEB-4B85-9350-6730F07225A4}.Release|x64.ActiveCfg = Release|x64
		{2DC26757-AFEB-4B85-9350-6730F07225A4}.Release|x64.Build.0 = Release|x64
		{2DC26757-AFEB-4B85-9350-6730F07225A4}.Release|x86.ActiveCfg = Release|Win32
		{2DC26757-AFEB-4B85-9350-6730F07225A4}.Release|x86.Build.0 = Release|Win32
		{3E73C670-F823-44D6-A67F-76E761B68CF4}.Debug|x64.ActiveCfg = Debug|x64
		{3E73C670-F823-44D6-A67F-76E761B68CF4}.Debug|x64.Build.0 = Debug|x64
		{3E73C670-F823-44D6-A67F-76E761B68CF4}.Debug|x86.ActiveCfg = Debug|Win32
		{3E73C670-F823-44D6-A67F-76E761B68CF4}.Debug|x86.Build.0 = Debug|Win32
		{3E73C670-F823-44D6-A67F-76E761B68CF4}.Release|x64.ActiveCfg = Release|x64
		{3E73C670-F823-44D6-A67F-76E761B68CF4}.Release|x64.Build.0 = Release|x64
		{3E73C670-F823-44D6-A67F-76E761B68CF4}.Release|x86.ActiveCfg = Release|Win32
		{3E73C670-F823-44D6-A67F-76E761B68CF4}.Release|x86.Build.0 = Release|Win32
		{9650C021-7AEA-4605-A3A5-75C21A187C8C}.Debug|x64.ActiveCfg = Debug|x64
		{9650C021-7AEA-4605-A3A5-75C21A187C8C}.Debug|x64.Build.0 = Debug|x64
		{9650C021-7AEA-4605-A3A5-75C21A187C8C}.Debug|x86.ActiveCfg = Debug|Win32
		{9650C021-7AEA-4605-A3A5-75C21A187C8C}.Debug|x86.Build.0 = Debug|Win32
		{9650C021-7AEA-4605-A3A5-75C21A187C8C}.Release|x64.ActiveCfg = Release|x64
		{9650C021-7AEA-4605-A3A5-75C21A187C8C}.Release|x64.Build.0 = Release|x64
		{9650C021-7AEA-4605-A3A5-75C21A187C8C}.Release|x86.ActiveCfg = Release|Win32
		{9650C021-7AEA-4605-A3A5-75C21A187C8C}.Release|x86.Build.0 = Release|Win32
		{56BB813B-E25D-4588-92F0-A46FC33D2E9B}.Debug|x64.ActiveCfg = Debug|x64
		{56BB813B-E25D-4588-92F0-A46FC33D2E9B}.Debug|x64.Build.0 = Debug|x64
		{56BB813B-E25D-4588-92F0-A46FC33D2E9B}.Debug|x86.ActiveCfg = Debug|Win32
		{56BB813B-E25D-4588-92F0-A46FC33D2E9B}.Debug|x86.Build.0 = Debug|Win32
		{56BB813B-E25D-4588-92F0-A46FC33D2E9B}.Release|x64.ActiveCfg = Release|x64
		{56BB813B-E25D-4588-92F0-A46FC33D2E9B}.Release|x64.Build.0 = Release|x64
		{56BB813B-E25D-4588-92F0-A46FC33D2E9B}.Release|x86.ActiveCfg = Release|Win32
		{56BB813B-E25D-4588-92F0-A46FC33D2E9B}.Release|x86.Build.0 = Release|Win32
		{55F5F2ED-720D-4CF5-9A13-3ECB3AFC6EA3}.Debug|x64.ActiveCfg = Debug|x64
		{55F5F2ED-720D-4CF5-9A13-3ECB3AFC6EA3}.Debug|x64.Build.0 = Debug|x64
		{55F5F2ED-720D-4CF5-9A13-3ECB3AFC6EA3}.Debug|x86.ActiveCfg = Debug|Win32
		{55F5F2ED-720D-4CF5-9A13-3ECB3AFC6EA3}.Debug|x86.Build.0 = Debug|Win32
		{55F5F2ED-720D-4CF5-9A13-3ECB3AFC6EA3}.Release|x64.ActiveCfg = Release|x64
		{55F5F2ED-720D-4CF5-9A13-3ECB3AFC6EA3}.Release|x64.Build.0 = Release|x64
		{55F5F2ED-720D-4CF5-9A13-3ECB3AFC6EA3}.Release|x86.ActiveCfg = Release|Win32
		{55F5F2ED-720D-4CF5-9A13-3ECB3AFC6EA3}.Release|x86.Build.0 = Release|Win32
		{66EE13B1-C975-4E81-B71E-287958522347}.Debug|x64.ActiveCfg = Debug|x64
		{66EE13B1-C975-4E81-B71E-287958522347}.Debug|x64.Build.0 = Debug|x64
		{66EE13B1-C975-4E81-B71E-287958522347}.Debug|x86.ActiveCfg = Debug|Win32
		{66EE13B1-C975-4E81-B71E-287958522347}.Debug|x86.Build.0 = Debug|Win32
		{66EE13B1-C975-4E81-B71E-287958522347}.Release|x64.ActiveCfg = Release|x64
		{66EE13B1-C975-4E81-B71E-287958522347}.Release|x64.Build.0 = Release|x64
		{66EE13B1-C975-4E81-B71E-287958522347}.Release|x86.ActiveCfg = Release|Win32
		{66EE13B1-C975-4E81-B71E-287958522347}.Release|x86.Build.0 = Release|Win32
		{F05CE401-840B-481B-96D4-EECE690042F0}.Debug|x64.ActiveCfg = Debug|x64
		{F05CE401-840B-481B-96D4-EECE690042F0}.Debug|x64.Build.0 = Debug|x64
		{F05CE401-840B-481B-96D4-EECE690042F0}.Debug|x86.ActiveCfg = Debug|Win32
		{F05CE401-840B-481B-96D4-EECE690042F0}.Debug|x86.Build.0 = Debug|Win32
		{F05CE401-840B-481B-96D4-EECE690042F0}.Release|x64.ActiveCfg = Release|x64
		{F05CE401-840B-481B-96D4-EECE690042F0}.Release|x64.Build.0 = Release|x64
		{F05CE401-840B-481B-96D4-EECE690042F0}.Release|x86.ActiveCfg = Release|Win32
		{F05CE401-840B-481B-96D4-EECE690042F0}.Release|x86.Build.0 = Release|Win32
		{EDAC0483-24D2-4642-9F89-91C5A36750BD}.Debug|x64.ActiveCfg = Debug|x64
		{EDAC0483-24D2-4642-9F89-91C5A36750BD}.Debug|x64.Build.0 = Debug|x64
		{EDAC0483-24D2-4642-9F89-91C5A36750BD}.Debug|x86.ActiveCfg = Debug|Win32
		{EDAC0483-24D2-4642-9F89-91C5A36750BD}.Debug|x86.Build.0 = Debug|Win32
		{EDAC0483-24D2-4642-9F89-91C5A36750BD}.Release|x64.ActiveCfg = Release|x64
		{EDAC0483-24D2-4642-9F89-91C5A36750BD}.Release|x64.Build.0 = Release|x64
		{EDAC0483-24D2-4642-9F89-91C5A36750BD}.Release|x86.ActiveCfg = Release|Win32
		{EDAC0483-24D2-4642-9F89-91C5A36750BD}.Release|x86.Build.0 = Release|Win32
		{50E190A6-F0C7-4395-8B75-83D6FBF3A223}.Debug|x64.ActiveCfg = Debug|x64
		{50E190A6-F0C7-4395-8B75-83D6FBF3A223}.Debug|x64.Build.0 = Debug|x64
		{50E190A6-F0C7-4395-8B75-83D6FBF3A223}.Debug|x86.ActiveCfg = Debug|Win32
		{50E190A6-F0C7-4395-8B75-83D6FBF3A223}.Debug|x86.Build.0 = Debug|Win32
		{50E190A6-F0C7-4395-8B75-83D6FBF3A223}.Release|x64.ActiveCfg = Release|x64
		{50E190A6-F0C7-4395-8B75-83D6FBF3A223}.Release|x64.Build.0 = Release|x64
		{50E190A6-F0C7-4395-8B75-83D6FBF3A223}.Release|x86.ActiveCfg = Release|Win32
		{50E190A6-F0C7-4395-8B75-83D6FBF3A223}.Release|x86.Build.0 = Release|Win32
		{8DA52209-5B17-4615-8867-8699C46A8D08}.Debug|x64.ActiveCfg = Debug|x64
		{8DA52209-5B17-4615-8867-8699C46A8D08}.Debug|x64.Build.0 = Debug|x64
		{8DA52209-5B17-4615-8867-8699C46A8D08}.Debug|x86.ActiveCfg = Debug|Win32
		{8DA52209-5B17-4615-8867-8699C46A8D08}.Debug|x86.Build.0 = Debug|Win32
		{8DA52209-5B17-4615-8867-8699C46A8D08}.Release|x64.ActiveCfg = Release|x64
		{8DA52209-5B17-4615-8867-8699C46A8D08}.Release|x64.Build.0 = Release|x64
		{8DA52209-5B17-4615-8867-8699C46A8D08}.Release|x86.ActiveCfg = Release|Win32
		{8DA52209-5B17-4615-8867-8699C46A8D08}.Release|x86.Build.0 = Release|Win32
		{3FC4E4AA-A06B-43CC-B102-E2540D218129}.Debug|x64.ActiveCfg = Debug|x64
		{3FC4E4AA-A06B-43CC-B102-E2540D218129}.Debug|x64.Build.0 = Debug|x64
		{3FC4E4AA-A06B-43CC-B102-E2540D218129}.Debug|x86.ActiveCfg = Debug|Win32
		{3FC4E4AA-A06B-43CC-B102-E2540D218129}.Debug|x86.Build.0 = Debug|Win32
		{3FC4E4AA-A06B-43CC-B102-E2540D218129}.Release|x64.ActiveCfg = Release|x64
		{3FC4E4AA-A06B-43CC-B102-E2540D218129}.Release|x64.Build.0 = Release|x64
		{3FC4E4AA-A06B-43CC-B102-E2540D218129}.Release|x86.ActiveCfg = Release|Win32
		{3FC4E4AA-A06B-43CC-B102-E2540D218129}.Release|x86.Build.0 = Release|Win32
		{8E6C9F0D-1F99-47F0-915C-1DDC021EE17F}.Debug|x64.ActiveCfg = Debug|x64
		{8E6C9F0D-1F99-47F0-915C-1DDC021EE17F}.Debug|x64.Build.0 = Debug|x64
		{8E6C9F0D-1F99-47F0-915C-1DDC021EE17F}.Debug|x86.ActiveCfg = Debug|Win32
		{8E6C9F0D-1F99-47F0-915C-1DDC021EE17F}.Debug|x86.Build.0 = Debug|Win32
		{8E6C9F0D-1F99-47F0-915C-1DDC021EE17F}.Release|x64.ActiveCfg = Release|x64
		{8E6C9F0D-1F99-47F0-915C-1DDC021EE17F}.Release|x64.Build.0 = Release|x64
		{8E6C9F0D-1F99-47F0-915C-1DDC021EE17F}.Release|x86.ActiveCfg = Release|Win32
		{8E6C9F0D-1F99-47F0-915C-1DDC021EE17F}.Release|x86.Build.0 = Release|Win32
		{EBFB6ED1-D4EB-4B7E-9987-ABA2A87EB902}.Debug|x64.ActiveCfg = Debug|x64
		{EBFB6ED1-D4EB-4B7E-9987-ABA2A87EB902}.Debug|x64.Build.0 = Debug|x64
		{EBFB6ED1-D4EB-4B7E-9987-ABA2A87EB902}.Debug|x86.ActiveCfg = Debug|Win32
		{EBFB6ED1-D4EB-4B7E-9987-ABA2A87EB902}.Debug|x86.Build.0 = Debug|Win32
		{EBFB6ED1-D4EB-4B7E-9987-ABA2A87EB902}.Release|x64.ActiveCfg = Release|x64
		{EBFB6ED1-D4EB-4B7E-9987-ABA2A87EB902}.Release|x64.Build.0 = Release|x64
		{EBFB6ED1-D4EB-4B7E-9987-ABA2A87EB902}.Release|x86.ActiveCfg = Release|Win32
		{EBFB6ED1-D4EB-4B7E-9987-ABA2A87EB902}.Release|x86.Build.0 = Release|Win32
		{56A75284-A938-4C41-8AF4-D31E94A92ADC}.Debug|x64.ActiveCfg = Debug|x64
		{56A75284-A938-4C41-8AF4-D31E94A92ADC}.Debug|x64.Build.0 = Debug|x64
		{56A75284-A938-4C41-8AF4-D31E94A92ADC}.Debug|x86.ActiveCfg = Debug|Win32
		{56A75284-A938-4C41-8AF4-D31E94A92ADC}.Debug|x86.Build.0 = Debug|Win32
		{56A75284-A938-4C41-8AF4-D31E94A92ADC}.Release|x64.ActiveCfg = Release|x64
		{56A75284-A938-4C41-8AF4-D31E94A92ADC}.Release|x64.Build.0 = Release|x64
		{56A75284-A938-4C41-8AF4-D31E94A92ADC}.Release|x86.ActiveCfg = Release|Win32
		{56A75284-A938-4C41-8AF4-D31E94A92ADC}.Release|x86.Build.0 = Release|Win32
		{C3AFA6A0-C78D-46D9-A422-F9018CA1B0EC}.Debug|x64.ActiveCfg = Debug|x64
		{C3AFA6A0-C78D-46D9-A422-F9018CA1B0EC}.Debug|x64.Build.0 = Debug|x64
		{C3AFA6A0-C78D-46D9-A422-F9018CA1B0EC}.Debug|x86.ActiveCfg = Debug|Win32
		{C3AFA6A0-C78D-46D9-A422-F9018CA1B0EC}.Debug|x86.Build.0 = Debug|Win32
		{C3AFA6A0-C78D-46D9-A422-F9018CA1B0EC}.Release|x64.ActiveCfg = Release|x64
		{C3AFA6A0-C78D-46D9-A422-F9018CA1B0EC}.Release|x64.Build.0 = Release|x64
		{C3AFA6A0-C78D-46D9-A422-F9018CA1B0EC}.Release|x86.ActiveCfg = Release|Win32
		{C3AFA6A0-C78D-46D9-A422-F9018CA1B0EC}.Release|x86.Build.0 = Release|Win32
		{68886A41-40BA-41C5-8772-35DD78D8EC29}.Debug|x64.ActiveCfg = Debug|x64
		{68886A41-40BA-41C5-8772-35DD78D8EC29}.Debug|x64.Build.0 = Debug|x64
		{68886A41-40BA-41C5-8772-35DD78D8EC29}.Debug|x86.ActiveCfg = Debug|Win32
		{68886A41-40BA-41C5-8772-35DD78D8EC29}.Debug|x86.Build.0 = Debug|Win32
		{68886A41-40BA-41C5-8772-35DD78D8EC29}.Release|x64.ActiveCfg = Release|x64
		{68886A41-40BA-41C5-8772-35DD78D8EC29}.Release|x64.Build.0 = Release|x64
		{68886A41-40BA-41C5-8772-35DD78D8EC29}.Release|x86.ActiveCfg = Release|Win32
		{68886A41-40BA-41C5-8772-35DD78D8EC29}.Release|x86.Build.0 = Release|Win32
		{BE1736F6-C105-4B91-82ED-8A43F23A0FD4}.Debug|x64.ActiveCfg = Debug|x64
		{BE1736F6-C105-4B91-82ED-8A43F23A0FD4}.Debug|x64.Build.0 = Debug|x64
		{BE1736F6-C105-4B91-82ED-8A43F23A0FD4}.Debug|x86.ActiveCfg = Debug|Win32
		{BE1736F6-C105-4B91-82ED-8A43F23A0FD4}.Debug|x86.Build.0 = Debug|Win32
		{BE1736F6-C105-4B91-82ED-8A43F23A0FD4}.Release|x64.ActiveCfg = Release|x64
		{BE1736F6-C105-4B91-82ED-8A43F23A0FD4}.Release|x64.Build.0 = Release|x64
		{BE1736F6-C105-4B91-82ED-8A43F23A0FD4}.Release|x86.ActiveCfg = Release|Win32
		{BE1736F6-C105-4B91-82ED-8A43F23A0FD4}.Release|x86.Build.0 = Release|Win32
		{ED8C4C70-5BC8-4C53-92FB-91EC3C32C6B3}.Debug|x64.ActiveCfg = Debug|x64
		{ED8C4C70-5BC8-4C53-92FB-91EC3C32C6B3}.Debug|x64.Build.0 = Debug|x64
		{ED8C4C70-5BC8-4C53-92FB-91EC3C32C6B3}.Debug|x86.ActiveCfg = Debug|Win32
		{ED8C4C70-5BC8-4C53-92FB-91EC3C32C6B3}.Debug|x86.Build.0 = Debug|Win32
		{ED8C4C70-5BC8-4C53-92FB-91EC3C32C6B3}.Release|x64.ActiveCfg = Release|x64
		{ED8C4C70-5BC8-4C53-92FB-91EC3C32C6B3}.Release|x64.Build.0 = Release|x64
		{ED8C4C70-5BC8-4C53-92FB-91EC3C32C6B3}.Release|x86.ActiveCfg = Release|Win32
		{ED8C4C70-5BC8-4C53-92FB-91EC3C32C6B3}.Release|x86.Build.0 = Release|Win32
		{64078C5B-5727-42DD-990E-C4A9B5951D1C}.Debug|x64.ActiveCfg = Debug|x64
		{64078C5B-5727-42DD-990E-C4A9B5951D1C}.Debug|x64.Build.0 = Debug|x64
		{64078C5B-5727-42DD-990E-C4A9B5951D1C}.Debug|x86.ActiveCfg = Debug|Win32
		{64078C5B-5727-42DD-990E-C4A9B5951D1C}.Debug|x86.Build.0 = Debug|Win32
		{64078C5B-5727-42DD-990E-C4A9B5951D1C}.Release|x64.ActiveCfg = Release|x64
		{64078C5B-5727-42DD-990E-C4A9B5951D1C}.Release|x64.Build.0 = Release|x64
		{64078C5B-5727-42DD-990E-C4A9B5951D1C}.Release|x86.ActiveCfg = Release|Win32
		{64078C5B-5727-42DD-990E-C4A9B5951D1C}.Release|x86.Build.0 = Release|Win32
		{E15BD90F-8B73-473E-AE0A-B4AC3AF0E782}.Debug|x64.ActiveCfg = Debug|x64
		{E15BD90F-8B73-473E-AE0A-B4AC3AF0E782}.Debug|x64.Build.0 = Debug|x64
		{E15BD90F-8B73-473E-AE0A-B4AC3AF0E782}.Debug|x86.ActiveCfg = Debug|Win32
		{E15BD90F-8B73-473E-AE0A-B4AC3AF0E782}.Debug|x86.Build.0 = Debug|Win32
		{E15BD90F-8B73-473E-AE0A-B4AC3AF0E782}.Release|x64.ActiveCfg = Release|x64
		{E15BD90F-8B73-473E-AE0A-B4AC3AF0E782}.Release|x64.Build.0 = Release|x64
		{E15BD90F-8B73-473E-AE0A-B4AC3AF0E782}.Release|x86.ActiveCfg = Release|Win32
		{E15BD90F-8B73-473E-AE0A-B4AC3AF0E782}.Release|x86.Build.0 = Release|Win32
		{784782D3-C3E6-4512-B608-AFCFF6CB6159}.Debug|x64.ActiveCfg = Debug|x64
		{784782D3-C3E6-4512-B608-AFCFF6CB6159}.Debug|x64.Build.0 = Debug|x64
		{784782D3-C3E6-4512-B608-AFCFF6CB6159}.Debug|x86.ActiveCfg = Debug|Win32
		{784782D3-C3E6-4512-B608-AFCFF6CB6159}.Debug|x86.Build.0 = Debug|Win32
		{784782D3-C3E6-4512-B608-AFCFF6CB6159}.Release|x64.ActiveCfg = Release|x64
		{784782D3-C3E6-4512-B608-AFCFF6CB6159}.Release|x64.Build.0 = Release|x64
		{784782D3-C3E6-4512-B608-AFCFF6CB6159}.Release|x86.ActiveCfg = Release|Win32
		{784782D3-C3E6-4512-B608-AFCFF6CB6159}.Release|x86.Build.0 = Release|Win32
		{34382047-7AAA-4FAD-A4C2-BC06BE3CC2B8}.Debug|x64.ActiveCfg = Debug|x64
		{34382047-7AAA-4FAD-A4C2-BC06BE3CC2B8}.Debug|x64.Build.0 = Debug|x64
		{34382047-7AAA-4FAD-A4C2-BC06BE3CC2B8}.Debug|x86.ActiveCfg = Debug|Win32
		{34382047-7AAA-4FAD-A4C2-BC06BE3CC2B8}.Debug|x86.Build.0 = Debug|Win32
		{34382047-7AAA-4FAD-A4C2-BC06BE3CC2B8}.Release|x64.ActiveCfg = Release|x64
		{34382047-7AAA-4FAD-A4C2-BC06BE3CC2B8}.Release|x64.Build.0 = Release|x64
		{34382047-7AAA-4FAD-A4C2-BC06BE3CC2B8}.Release|x86.ActiveCfg = Release|Win32
		{34382047-7AAA-4FAD-A4C2-BC06BE3CC2B8}.Release|x86.Build.0 = Release|Win32
		{C5038346-8C78-474D-A3E9-51609A787DA4}.Debug|x64.ActiveCfg = Debug|x64
		{C5038346-8C78-474D-A3E9-51609A787DA4}.Debug|x64.Build.0 = Debug|x64
		{C5038346-8C78-474D-A3E9-51609A787DA4}.Debug|x86.ActiveCfg = Debug|Win32
		{C5038346-8C78-474D-A3E9-51609A787DA4}.Debug|x86.Build.0 = Debug|Win32
		{C5038346-8C78-474D-A3E9-51609A787DA4}.Release|x64.ActiveCfg = Release|x64
		{C5038346-8C78-474D-A3E9-51609A787DA4}.Release|x64.Build.0 = Release|x64
		{C5038346-8C78-474D-A3E9-51609A787DA4}.Release|x86.ActiveCfg = Release|Win32
		{C5038346-8C78-474D-A3E9-51609A787DA4}.Release|x86.Build.0 = Release|Win32
		{9F87342E-8F32-4253-941C-DF8683C0A0C0}.Debug|x64.ActiveCfg = Debug|x64
		{9F87342E-8F32-4253-941C-DF8683C0A0C0}.Debug|x64.Build.0 = Debug|x64
		{9F87342E-8F32-4253-941C-DF8683C0A0C0}.Debug|x86.ActiveCfg = Debug|Win32
		{9F87342E-8F32-4253-941C-DF8683C0A0C0}.Debug|x86.Build.0 = Debug|Win32
		{9F87342E-8F32-4253-941C-DF8683C0A0C0}.Release|x64.ActiveCfg = Release|x64
		{9F87342E-8F32-4253-941C-DF8683C0A0C0}.Release|x64.Build.0 = Release|x64
		{9F87342E-8F32-4253-941C-DF8683C0A0C0}.Release|x86.ActiveCfg = Release|Win32
		{9F87342E-8F32-4253-941C-DF8683C0A0C0}.Release|x86.Build.0 = Release|Win32
		{D79C7566-9050-4B88-91D4-191663B7A5C9}.Debug|x64.ActiveCfg = Debug|x64
		{D79C7566-9050-4B88-91D4-191663B7A5C9}.Debug|x64.Build.0 = Debug|x64
		{D79C7566-9050-4B88-91D4-191663B7A5C9}.Debug|x86.ActiveCfg = Debug|Win32
		{D79C7566-9050-4B88-91D4-191663B7A5C9}.Debug|x86.Build.0 = Debug|Win32
		{D79C7566-9050-4B88-91D4-191663B7A5C9}.Release|x64.ActiveCfg = Release|x64
		{D79C7566-9050-4B88-91D4-191663B7A5C9}.Release|x64.Build.0 = Release|x64
		{D79C7566-9050-4B88-91D4-191663B7A5C9}.Release|x86.ActiveCfg = Release|Win32
		{D79C7566-9050-4B88-91D4-191663B7A5C9}.Release|x86.Build.0 = Release|Win32
		{D5EF200F-63C2-4659-B469-91F1794A947A}.Debug|x64.ActiveCfg = Debug|x64
		{D5EF200F-63C2-4659-B469-91F1794A947A}.Debug|x64.Build.0 = Debug|x64
		{D5EF200F-63C2-4659-B469-91F1794A947A}.Debug|x86.ActiveCfg = Debug|Win32
		{D5EF200F-63C2-4659-B469-91F1794A947A}.Debug|x86.Build.0 = Debug|Win32
		{D5EF200F-63C2-4659-B469-91F1794A947A}.Release|x64.ActiveCfg = Release|x64
		{D5EF200F-63C2-4659-B469-91F1794A947A}.Release|x64.Build.0 = Release|x64
		{D5EF200F-63C2-4659-B469-91F1794A947A}.Release|x86.ActiveCfg = Release|Win32
		{D5EF200F-63C2-4659-B469-91F1794A947A}.Release|x86.Build.0 = Release|Win32
		{C4492E69-0639-4177-8D05-8849168F888C}.Debug|x64.ActiveCfg = Debug|x64
		{C4492E69-0639-4177-8D05-8849168F888C}.Debug|x64.Build.0 = Debug|x64
		{C4492E69-0639-4177-8D05-8849168F888C}.Debug|x86.ActiveCfg = Debug|Win32
		{C4492E69-0639-4177-8D05-8849168F888C}.Debug|x86.Build.0 = Debug|Win32
		{C4492E69-0639-4177-8D05-8849168F888C}.Release|x64.ActiveCfg = Release|x64
		{C4492E69-0639-4177-8D05-8849168F888C}.Release|x64.Build.0 = Release|x64
		{C4492E69-0639-4177-8D05-8849168F888C}.Release|x86.ActiveCfg = Release|Win32
		{C4492E69-0639-4177-8D05-8849168F888C}.Release|x86.Build.0 = Release|Win32
	EndGlobalSection
	GlobalSection(SolutionProperties) = preSolution
		HideSolutionNode = FALSE
	EndGlobalSection
	GlobalSection(NestedProjects) = preSolution
		{C8CAEB83-DCF5-465E-87C3-27D59DAE426F} = {AB800FD3-3575-4701-A48E-6FFDDD17325D}
		{E48E695D-6418-4DD4-A03D-118746CAB2D5} = {AB800FD3-3575-4701-A48E-6FFDDD17325D}
		{AB800FD3-3575-4701-A48E-6FFDDD17325D} = {202FF4A6-41A0-49AB-BE38-9AF3F4346946}
		{9AC18EF8-E2C8-4653-BEF1-C4162BA680B8} = {AB800FD3-3575-4701-A48E-6FFDDD17325D}
		{87E0F219-E330-4029-A9E7-556CB5005F9B} = {AB800FD3-3575-4701-A48E-6FFDDD17325D}
		{7D80E1AA-9C99-472A-93A3-212BA4C6FC74} = {202FF4A6-41A0-49AB-BE38-9AF3F4346946}
		{739F62BF-0C69-4FC2-BEDF-8E62276E1937} = {7D80E1AA-9C99-472A-93A3-212BA4C6FC74}
		{BED03E09-9D3A-4696-BD52-EB38D150441F} = {202FF4A6-41A0-49AB-BE38-9AF3F4346946}
		{88A42E55-69A4-4305-8551-90B11619D710} = {BED03E09-9D3A-4696-BD52-EB38D150441F}
		{8FBAE047-56B9-45FA-81EA-53EDEA51B3DF} = {202FF4A6-41A0-49AB-BE38-9AF3F4346946}
		{6BAC2F90-7D1B-49E5-ACAB-1EA26EF72DE2} = {8FBAE047-56B9-45FA-81EA-53EDEA51B3DF}
		{89D922DB-1F3D-47CE-8E87-73EC9C3A7EF2} = {202FF4A6-41A0-49AB-BE38-9AF3F4346946}
		{1DCBC562-2096-4F7F-9F49-90C8164F3631} = {89D922DB-1F3D-47CE-8E87-73EC9C3A7EF2}
		{5D4CA05D-FA60-4F59-8F39-021AE7585167} = {202FF4A6-41A0-49AB-BE38-9AF3F4346946}
		{7A2287F3-6BC5-44D4-B67F-FB7E8ACD76D5} = {5D4CA05D-FA60-4F59-8F39-021AE7585167}
		{08803341-57AA-4102-85C4-9B4B04594C31} = {BA8F6F57-821E-41CF-96AC-D7F709F74C6F}
		{AB385019-4296-4CF2-9B22-E17E8628D66B} = {08803341-57AA-4102-85C4-9B4B04594C31}
		{F6C3EEF0-AF39-41A0-A8E8-181334D76ECF} = {08803341-57AA-4102-85C4-9B4B04594C31}
		{D9A60761-FD8B-4FB5-998C-04D99D27D2C6} = {08803341-57AA-4102-85C4-9B4B04594C31}
		{DE93C155-9ED5-4DE8-9EF5-97ACE3F2AB12} = {7AEF1D3A-3C76-4CD0-B028-A1EFCC2750D5}
		{0A446573-79A9-4CBD-8577-0ED8DA6A5C82} = {DE93C155-9ED5-4DE8-9EF5-97ACE3F2AB12}
		{C902BD1D-597B-4E2C-BBD2-BAE5E8E901B0} = {7AEF1D3A-3C76-4CD0-B028-A1EFCC2750D5}
		{31C469E0-AE54-4D41-A2E5-20380403ABC1} = {C902BD1D-597B-4E2C-BBD2-BAE5E8E901B0}
		{232CAA4D-8D84-4B21-9659-C270244C575A} = {7AEF1D3A-3C76-4CD0-B028-A1EFCC2750D5}
		{5EDBAEBA-EADF-4B80-8700-83A6EE020CD7} = {232CAA4D-8D84-4B21-9659-C270244C575A}
		{27761E57-7E40-4014-A016-9CD145913B44} = {7AEF1D3A-3C76-4CD0-B028-A1EFCC2750D5}
		{D16A0DF3-42E3-4602-ACB5-150EB6C8CA8F} = {27761E57-7E40-4014-A016-9CD145913B44}
		{F7811B22-9DA0-4F25-AAF5-9ADB983CFB1F} = {7AEF1D3A-3C76-4CD0-B028-A1EFCC2750D5}
		{90FE61F5-EC9C-4304-9B79-A6DFBDF71749} = {F7811B22-9DA0-4F25-AAF5-9ADB983CFB1F}
		{25EC77A4-2746-4E19-A0D9-F2E3D8050B7B} = {08803341-57AA-4102-85C4-9B4B04594C31}
		{967C613C-8DB1-4BB9-AD27-D8D0CADA6930} = {08803341-57AA-4102-85C4-9B4B04594C31}
		{6E131CB1-CFE7-4242-8438-A2B3B937ECEE} = {23BD091F-3BF5-49F0-B11C-C321DE0AAB22}
		{30D1F1D4-6842-433C-B198-8711A0241C7A} = {6E131CB1-CFE7-4242-8438-A2B3B937ECEE}
		{AFAAC327-75C9-489C-954C-287209070481} = {23BD091F-3BF5-49F0-B11C-C321DE0AAB22}
		{82168D28-8817-407A-BF92-AC2FB410F3D0} = {AFAAC327-75C9-489C-954C-287209070481}
		{FDFAFF2F-D191-4FEF-AB1B-C0B6592C3B1E} = {23BD091F-3BF5-49F0-B11C-C321DE0AAB22}
		{A1C4B93F-249B-44A6-ACFE-BC583A44BE93} = {FDFAFF2F-D191-4FEF-AB1B-C0B6592C3B1E}
		{A5E8D251-22EF-4E3B-BB05-C51EEEB97772} = {23BD091F-3BF5-49F0-B11C-C321DE0AAB22}
		{3BCA28F8-C0D1-432A-B4D4-296370E80316} = {A5E8D251-22EF-4E3B-BB05-C51EEEB97772}
		{353C40D1-800F-43B3-9F3A-B16403AE4EE4} = {0CBEC1AA-5CF6-47E5-BD66-4A3B1BEF6498}
		{DD852BA0-CFFC-4533-9AF4-42013DE86A0C} = {353C40D1-800F-43B3-9F3A-B16403AE4EE4}
		{4F5E2D5F-2C38-4FEC-A606-D48ED50CCA57} = {22AD2AEA-2A3D-4C9B-B1A3-E91C661A4B30}
		{47E011FA-19D9-43A8-B5C5-EF402C5393C1} = {4F5E2D5F-2C38-4FEC-A606-D48ED50CCA57}
		{D4C4EF4E-E97A-4586-8C9D-A345ABE6D8FD} = {BA8F6F57-821E-41CF-96AC-D7F709F74C6F}
		{BDA18719-8007-4885-A5C0-C37BC60DBC05} = {D4C4EF4E-E97A-4586-8C9D-A345ABE6D8FD}
		{2012B2DC-F958-4782-B5A5-4A9785C68B76} = {D4C4EF4E-E97A-4586-8C9D-A345ABE6D8FD}
		{2BF62377-1DD9-45C6-BAE8-A1AA1E83DC9D} = {D4C4EF4E-E97A-4586-8C9D-A345ABE6D8FD}
		{745AF2C6-14CF-4C0C-ACA0-4133CDDDCBAB} = {0CBEC1AA-5CF6-47E5-BD66-4A3B1BEF6498}
		{097EB9A6-CADD-4F83-B5DE-E9EC0266B21B} = {745AF2C6-14CF-4C0C-ACA0-4133CDDDCBAB}
		{C0ED11B1-3746-48AC-9691-64770AC51810} = {0CBEC1AA-5CF6-47E5-BD66-4A3B1BEF6498}
		{9B908E8E-8A54-4D62-98F1-79D5D0EE4B82} = {C0ED11B1-3746-48AC-9691-64770AC51810}
		{51666D87-0BC6-4961-B986-3371B6896EED} = {0CBEC1AA-5CF6-47E5-BD66-4A3B1BEF6498}
		{9F5B3512-98C5-4591-94A5-FBD556A1A253} = {51666D87-0BC6-4961-B986-3371B6896EED}
		{09845080-B3AE-43D9-B816-7024C33B46FD} = {D4C4EF4E-E97A-4586-8C9D-A345ABE6D8FD}
		{4051D146-62FD-4252-8431-002842E9346C} = {D4C4EF4E-E97A-4586-8C9D-A345ABE6D8FD}
		{AB0B7001-2917-43E4-9715-2A1FDA9ADAB5} = {22AD2AEA-2A3D-4C9B-B1A3-E91C661A4B30}
		{4D04612F-CDE8-4DDB-A45E-BD2E45353344} = {AB0B7001-2917-43E4-9715-2A1FDA9ADAB5}
		{FB335884-D2B5-4808-8F7E-EF485D250EFA} = {22AD2AEA-2A3D-4C9B-B1A3-E91C661A4B30}
		{528479E0-F36F-4560-BAD5-DF8BE01C71D0} = {FB335884-D2B5-4808-8F7E-EF485D250EFA}
		{C71DFAA3-30C7-4C8A-9A2E-5E29D5644110} = {EB61562E-2504-4B80-A0C3-DC12BAE32C98}
		{0D9FAEEA-624B-4730-92A8-37F3F762FD51} = {C71DFAA3-30C7-4C8A-9A2E-5E29D5644110}
		{0CE177FF-247B-4FE9-A532-6983AF78BB07} = {BA8F6F57-821E-41CF-96AC-D7F709F74C6F}
		{89F05939-1038-497F-BA1C-5030EB6DB9FC} = {0CE177FF-247B-4FE9-A532-6983AF78BB07}
		{4E4EC9AC-92BF-4A04-8891-E01C99AA80F1} = {0CE177FF-247B-4FE9-A532-6983AF78BB07}
		{4289A104-2490-4C97-B1E2-246D05AF9989} = {0CE177FF-247B-4FE9-A532-6983AF78BB07}
		{E5081FCD-CBD4-428E-8331-86FB8F6DB240} = {0CE177FF-247B-4FE9-A532-6983AF78BB07}
		{F37FA6A9-6372-4217-8D5D-089BE57FA579} = {0CE177FF-247B-4FE9-A532-6983AF78BB07}
		{8B0DA574-9243-456F-8D2A-488509385EF2} = {0CE177FF-247B-4FE9-A532-6983AF78BB07}
		{35AB665C-2DD8-4278-AB50-E6CD7684A7B0} = {0CE177FF-247B-4FE9-A532-6983AF78BB07}
		{09B903C7-A3FD-4B8A-B6D4-FC2DF3FF7E8C} = {0CE177FF-247B-4FE9-A532-6983AF78BB07}
		{984B6B6B-9D5E-4657-996F-3C9971F22BE6} = {2084819A-CE38-4975-99B7-690ACF5358C6}
		{41095903-95AB-4C53-BA89-0523EA07DEB5} = {984B6B6B-9D5E-4657-996F-3C9971F22BE6}
		{9BAEC30E-A2CE-4A9E-B4E5-D0B34ACA2D61} = {2084819A-CE38-4975-99B7-690ACF5358C6}
		{F48C9194-4D36-4701-8DDA-FC9E040EE4A5} = {9BAEC30E-A2CE-4A9E-B4E5-D0B34ACA2D61}
		{9D624297-1D0A-4829-90ED-87981C997E3C} = {2084819A-CE38-4975-99B7-690ACF5358C6}
		{66741E34-F534-4F06-9132-E21EFD6F4A2F} = {9D624297-1D0A-4829-90ED-87981C997E3C}
		{DDCE8EE6-A056-4158-9574-787BD4F5AB2F} = {766367C4-C7B3-49B4-BC68-0C865C8E797E}
		{7B3826B5-4B20-4584-AD81-150C5FC3B553} = {BA8F6F57-821E-41CF-96AC-D7F709F74C6F}
		{B9525A1B-6449-40A3-B29E-8E419F839448} = {7B3826B5-4B20-4584-AD81-150C5FC3B553}
		{A34EA638-05F1-408F-ABE7-29BA631B2D63} = {7B3826B5-4B20-4584-AD81-150C5FC3B553}
		{2DC26757-AFEB-4B85-9350-6730F07225A4} = {7B3826B5-4B20-4584-AD81-150C5FC3B553}
		{3E73C670-F823-44D6-A67F-76E761B68CF4} = {7B3826B5-4B20-4584-AD81-150C5FC3B553}
		{9650C021-7AEA-4605-A3A5-75C21A187C8C} = {7B3826B5-4B20-4584-AD81-150C5FC3B553}
		{56BB813B-E25D-4588-92F0-A46FC33D2E9B} = {6A7D5F0E-10F2-458D-83FB-F42A2CDCA701}
		{15574A9A-936A-48C9-AC81-4103A1239E0C} = {DEEC9A7F-6EF7-44C6-924E-DED9C4D563AC}
		{55F5F2ED-720D-4CF5-9A13-3ECB3AFC6EA3} = {15574A9A-936A-48C9-AC81-4103A1239E0C}
		{66EE13B1-C975-4E81-B71E-287958522347} = {15574A9A-936A-48C9-AC81-4103A1239E0C}
		{5FD37AEF-D5A7-4653-B1BB-75EA1535515F} = {94A76E94-4FED-485F-BAAD-DB414F5A3218}
		{F05CE401-840B-481B-96D4-EECE690042F0} = {15574A9A-936A-48C9-AC81-4103A1239E0C}
		{644B1BBD-4278-422F-B716-5C542A2EBA99} = {DEEC9A7F-6EF7-44C6-924E-DED9C4D563AC}
		{EDAC0483-24D2-4642-9F89-91C5A36750BD} = {644B1BBD-4278-422F-B716-5C542A2EBA99}
		{50E190A6-F0C7-4395-8B75-83D6FBF3A223} = {644B1BBD-4278-422F-B716-5C542A2EBA99}
		{B24B5E69-5EF1-4F1B-9FC3-EA0F71E50F5A} = {DEEC9A7F-6EF7-44C6-924E-DED9C4D563AC}
		{8DA52209-5B17-4615-8867-8699C46A8D08} = {B24B5E69-5EF1-4F1B-9FC3-EA0F71E50F5A}
		{3FC4E4AA-A06B-43CC-B102-E2540D218129} = {B24B5E69-5EF1-4F1B-9FC3-EA0F71E50F5A}
		{8E6C9F0D-1F99-47F0-915C-1DDC021EE17F} = {B24B5E69-5EF1-4F1B-9FC3-EA0F71E50F5A}
		{6877EFE4-E64B-4074-8D33-5660608E64E7} = {DEEC9A7F-6EF7-44C6-924E-DED9C4D563AC}
		{EBFB6ED1-D4EB-4B7E-9987-ABA2A87EB902} = {6877EFE4-E64B-4074-8D33-5660608E64E7}
		{56A75284-A938-4C41-8AF4-D31E94A92ADC} = {6877EFE4-E64B-4074-8D33-5660608E64E7}
		{C3AFA6A0-C78D-46D9-A422-F9018CA1B0EC} = {6877EFE4-E64B-4074-8D33-5660608E64E7}
		{8C30F251-D3AA-4E7E-9E0D-E3E04DB575B3} = {DEEC9A7F-6EF7-44C6-924E-DED9C4D563AC}
		{68886A41-40BA-41C5-8772-35DD78D8EC29} = {8C30F251-D3AA-4E7E-9E0D-E3E04DB575B3}
		{BE1736F6-C105-4B91-82ED-8A43F23A0FD4} = {8C30F251-D3AA-4E7E-9E0D-E3E04DB575B3}
		{ED8C4C70-5BC8-4C53-92FB-91EC3C32C6B3} = {D702F3AE-3F6D-447E-A151-D1873B2A20B2}
		{C38A0EA6-73E4-4172-84C0-62C728B8E0AF} = {94A76E94-4FED-485F-BAAD-DB414F5A3218}
		{FEE943F4-5269-49D3-90AB-50BE1B3A02AA} = {94A76E94-4FED-485F-BAAD-DB414F5A3218}
		{227A8108-D012-480C-8784-F5CDFA54423B} = {94A76E94-4FED-485F-BAAD-DB414F5A3218}
		{B58D3FAB-564E-40AE-BFCB-BE87BC47E335} = {94A76E94-4FED-485F-BAAD-DB414F5A3218}
		{8CFD9FB0-3A00-408A-B547-D9542DE9F58F} = {94A76E94-4FED-485F-BAAD-DB414F5A3218}
		{64078C5B-5727-42DD-990E-C4A9B5951D1C} = {8C30F251-D3AA-4E7E-9E0D-E3E04DB575B3}
		{E15BD90F-8B73-473E-AE0A-B4AC3AF0E782} = {6E99BF9E-44EA-4A3B-A778-A2E2E260740B}
		{E17DE5DE-9BD1-4187-BB63-0E2B63128E6E} = {BA8F6F57-821E-41CF-96AC-D7F709F74C6F}
		{784782D3-C3E6-4512-B608-AFCFF6CB6159} = {E17DE5DE-9BD1-4187-BB63-0E2B63128E6E}
		{34382047-7AAA-4FAD-A4C2-BC06BE3CC2B8} = {E17DE5DE-9BD1-4187-BB63-0E2B63128E6E}
		{C5038346-8C78-474D-A3E9-51609A787DA4} = {E17DE5DE-9BD1-4187-BB63-0E2B63128E6E}
		{9F87342E-8F32-4253-941C-DF8683C0A0C0} = {E17DE5DE-9BD1-4187-BB63-0E2B63128E6E}
		{D79C7566-9050-4B88-91D4-191663B7A5C9} = {8CFD9FB0-3A00-408A-B547-D9542DE9F58F}
		{D5EF200F-63C2-4659-B469-91F1794A947A} = {8CFD9FB0-3A00-408A-B547-D9542DE9F58F}
		{C4492E69-0639-4177-8D05-8849168F888C} = {8CFD9FB0-3A00-408A-B547-D9542DE9F58F}
	EndGlobalSection
	GlobalSection(ExtensibilityGlobals) = postSolution
		SolutionGuid = {3B7BE24D-EEDD-43E3-8CE5-9B90352E3321}
	EndGlobalSection
EndGlobal
