
Microsoft Visual Studio Solution File, Format Version 12.00
# Visual Studio Version 17
VisualStudioVersion = 17.11.35208.52
MinimumVisualStudioVersion = 10.0.40219.1
Project("{8BC9CEB8-8B4A-11D0-8D11-00A0C91BC942}") = "1-single-file", "1-single-file\1-single-file.vcxproj", "{C8CAEB83-DCF5-465E-87C3-27D59DAE426F}"
EndProject
Project("{2150E333-8FDC-42A3-9474-1A3956D46DE8}") = "Week1", "Week1", "{202FF4A6-41A0-49AB-BE38-9AF3F4346946}"
EndProject
Global
	GlobalSection(SolutionConfigurationPlatforms) = preSolution
		Debug|x64 = Debug|x64
		Debug|x86 = Debug|x86
		Release|x64 = Release|x64
		Release|x86 = Release|x86
	EndGlobalSection
	GlobalSection(ProjectConfigurationPlatforms) = postSolution
		{C8CAEB83-DCF5-465E-87C3-27D59DAE426F}.Debug|x64.ActiveCfg = Debug|x64
		{C8CAEB83-DCF5-465E-87C3-27D59DAE426F}.Debug|x64.Build.0 = Debug|x64
		{C8CAEB83-DCF5-465E-87C3-27D59DAE426F}.Debug|x86.ActiveCfg = Debug|Win32
		{C8CAEB83-DCF5-465E-87C3-27D59DAE426F}.Debug|x86.Build.0 = Debug|Win32
		{C8CAEB83-DCF5-465E-87C3-27D59DAE426F}.Release|x64.ActiveCfg = Release|x64
		{C8CAEB83-DCF5-465E-87C3-27D59DAE426F}.Release|x64.Build.0 = Release|x64
		{C8CAEB83-DCF5-465E-87C3-27D59DAE426F}.Release|x86.ActiveCfg = Release|Win32
		{C8CAEB83-DCF5-465E-87C3-27D59DAE426F}.Release|x86.Build.0 = Release|Win32
	EndGlobalSection
	GlobalSection(SolutionProperties) = preSolution
		HideSolutionNode = FALSE
	EndGlobalSection
	GlobalSection(NestedProjects) = preSolution
		{C8CAEB83-DCF5-465E-87C3-27D59DAE426F} = {202FF4A6-41A0-49AB-BE38-9AF3F4346946}
	EndGlobalSection
	GlobalSection(ExtensibilityGlobals) = postSolution
		SolutionGuid = {3B7BE24D-EEDD-43E3-8CE5-9B90352E3321}
	EndGlobalSection
EndGlobal
