
Microsoft Visual Studio Solution File, Format Version 12.00
# Visual Studio Version 17
VisualStudioVersion = 17.11.35208.52
MinimumVisualStudioVersion = 10.0.40219.1
Project("{8BC9CEB8-8B4A-11D0-8D11-00A0C91BC942}") = "1-single-file", "1-single-file\1-single-file.vcxproj", "{C8CAEB83-DCF5-465E-87C3-27D59DAE426F}"
EndProject
Project("{2150E333-8FDC-42A3-9474-1A3956D46DE8}") = "Week 1", "Week 1", "{202FF4A6-41A0-49AB-BE38-9AF3F4346946}"
EndProject
Project("{8BC9CEB8-8B4A-11D0-8D11-00A0C91BC942}") = "2-main-with-library", "2-main-with-library\2-main-with-library.vcxproj", "{E48E695D-6418-4DD4-A03D-118746CAB2D5}"
EndProject
Project("{2150E333-8FDC-42A3-9474-1A3956D46DE8}") = "Basic compliations", "Basic compliations", "{AB800FD3-3575-4701-A48E-6FFDDD17325D}"
EndProject
Project("{8BC9CEB8-8B4A-11D0-8D11-00A0C91BC942}") = "3-main-with-class-v1", "3-main-with-class-v1\3-main-with-class-v1.vcxproj", "{9AC18EF8-E2C8-4653-BEF1-C4162BA680B8}"
EndProject
Project("{8BC9CEB8-8B4A-11D0-8D11-00A0C91BC942}") = "3-main-with-class-v2", "3-main-with-class-v2\3-main-with-class-v2.vcxproj", "{87E0F219-E330-4029-A9E7-556CB5005F9B}"
EndProject
Project("{2150E333-8FDC-42A3-9474-1A3956D46DE8}") = "Iterator", "Iterator", "{7D80E1AA-9C99-472A-93A3-212BA4C6FC74}"
EndProject
Project("{8BC9CEB8-8B4A-11D0-8D11-00A0C91BC942}") = "Iterator 1", "Iterator 1\Iterator 1.vcxproj", "{739F62BF-0C69-4FC2-BEDF-8E62276E1937}"
EndProject
Project("{2150E333-8FDC-42A3-9474-1A3956D46DE8}") = "Linear search", "Linear search", "{BED03E09-9D3A-4696-BD52-EB38D150441F}"
EndProject
Project("{8BC9CEB8-8B4A-11D0-8D11-00A0C91BC942}") = "Linear Search", "Linear Search\Linear Search.vcxproj", "{88A42E55-69A4-4305-8551-90B11619D710}"
EndProject
Project("{2150E333-8FDC-42A3-9474-1A3956D46DE8}") = "Pointer", "Pointer", "{8FBAE047-56B9-45FA-81EA-53EDEA51B3DF}"
EndProject
Project("{8BC9CEB8-8B4A-11D0-8D11-00A0C91BC942}") = "Pointers", "Pointers\Pointers.vcxproj", "{6BAC2F90-7D1B-49E5-ACAB-1EA26EF72DE2}"
EndProject
Project("{2150E333-8FDC-42A3-9474-1A3956D46DE8}") = "References", "References", "{89D922DB-1F3D-47CE-8E87-73EC9C3A7EF2}"
EndProject
Project("{8BC9CEB8-8B4A-11D0-8D11-00A0C91BC942}") = "Reference", "Reference\Reference.vcxproj", "{1DCBC562-2096-4F7F-9F49-90C8164F3631}"
EndProject
Project("{2150E333-8FDC-42A3-9474-1A3956D46DE8}") = "Templates", "Templates", "{5D4CA05D-FA60-4F59-8F39-021AE7585167}"
EndProject
Project("{8BC9CEB8-8B4A-11D0-8D11-00A0C91BC942}") = "template 1", "template 1\template 1.vcxproj", "{7A2287F3-6BC5-44D4-B67F-FB7E8ACD76D5}"
EndProject
Project("{2150E333-8FDC-42A3-9474-1A3956D46DE8}") = "Week1-2 Exercises", "Week1-2 Exercises", "{08803341-57AA-4102-85C4-9B4B04594C31}"
EndProject
Project("{8BC9CEB8-8B4A-11D0-8D11-00A0C91BC942}") = "X1", "X1\X1.vcxproj", "{AB385019-4296-4CF2-9B22-E17E8628D66B}"
EndProject
Project("{8BC9CEB8-8B4A-11D0-8D11-00A0C91BC942}") = "X2", "X2\X2.vcxproj", "{F6C3EEF0-AF39-41A0-A8E8-181334D76ECF}"
EndProject
Project("{8BC9CEB8-8B4A-11D0-8D11-00A0C91BC942}") = "X4", "X4\X4.vcxproj", "{D9A60761-FD8B-4FB5-998C-04D99D27D2C6}"
EndProject
Project("{2150E333-8FDC-42A3-9474-1A3956D46DE8}") = "Week 2", "Week 2", "{7AEF1D3A-3C76-4CD0-B028-A1EFCC2750D5}"
EndProject
Project("{2150E333-8FDC-42A3-9474-1A3956D46DE8}") = "List", "List", "{DE93C155-9ED5-4DE8-9EF5-97ACE3F2AB12}"
EndProject
Project("{8BC9CEB8-8B4A-11D0-8D11-00A0C91BC942}") = "list", "list\list.vcxproj", "{0A446573-79A9-4CBD-8577-0ED8DA6A5C82}"
EndProject
Project("{2150E333-8FDC-42A3-9474-1A3956D46DE8}") = "List inheritance", "List inheritance", "{C902BD1D-597B-4E2C-BBD2-BAE5E8E901B0}"
EndProject
Project("{8BC9CEB8-8B4A-11D0-8D11-00A0C91BC942}") = "List_inheritance", "List_inheritance\List_inheritance.vcxproj", "{31C469E0-AE54-4D41-A2E5-20380403ABC1}"
EndProject
Project("{2150E333-8FDC-42A3-9474-1A3956D46DE8}") = "Point", "Point", "{232CAA4D-8D84-4B21-9659-C270244C575A}"
EndProject
Project("{8BC9CEB8-8B4A-11D0-8D11-00A0C91BC942}") = "point", "point\point.vcxproj", "{5EDBAEBA-EADF-4B80-8700-83A6EE020CD7}"
EndProject
Project("{2150E333-8FDC-42A3-9474-1A3956D46DE8}") = "Point inheritance", "Point inheritance", "{27761E57-7E40-4014-A016-9CD145913B44}"
EndProject
Project("{8BC9CEB8-8B4A-11D0-8D11-00A0C91BC942}") = "point_inheritance", "point_inheritance\point_inheritance.vcxproj", "{D16A0DF3-42E3-4602-ACB5-150EB6C8CA8F}"
EndProject
Project("{2150E333-8FDC-42A3-9474-1A3956D46DE8}") = "Program analysis", "Program analysis", "{F7811B22-9DA0-4F25-AAF5-9ADB983CFB1F}"
EndProject
Project("{8BC9CEB8-8B4A-11D0-8D11-00A0C91BC942}") = "program_analysis", "program_analysis\program_analysis.vcxproj", "{90FE61F5-EC9C-4304-9B79-A6DFBDF71749}"
EndProject
Project("{2150E333-8FDC-42A3-9474-1A3956D46DE8}") = "Week 3", "Week 3", "{23BD091F-3BF5-49F0-B11C-C321DE0AAB22}"
EndProject
Project("{8BC9CEB8-8B4A-11D0-8D11-00A0C91BC942}") = "X5", "X5\X5.vcxproj", "{25EC77A4-2746-4E19-A0D9-F2E3D8050B7B}"
EndProject
Project("{8BC9CEB8-8B4A-11D0-8D11-00A0C91BC942}") = "X3", "X3\X3.vcxproj", "{967C613C-8DB1-4BB9-AD27-D8D0CADA6930}"
EndProject
Project("{2150E333-8FDC-42A3-9474-1A3956D46DE8}") = "List", "List", "{6E131CB1-CFE7-4242-8438-A2B3B937ECEE}"
EndProject
Project("{8BC9CEB8-8B4A-11D0-8D11-00A0C91BC942}") = "list_", "list_\list_.vcxproj", "{30D1F1D4-6842-433C-B198-8711A0241C7A}"
EndProject
Project("{2150E333-8FDC-42A3-9474-1A3956D46DE8}") = "Matrix", "Matrix", "{AFAAC327-75C9-489C-954C-287209070481}"
EndProject
Project("{8BC9CEB8-8B4A-11D0-8D11-00A0C91BC942}") = "matrix", "matrix\matrix.vcxproj", "{82168D28-8817-407A-BF92-AC2FB410F3D0}"
EndProject
Project("{2150E333-8FDC-42A3-9474-1A3956D46DE8}") = "Queue", "Queue", "{FDFAFF2F-D191-4FEF-AB1B-C0B6592C3B1E}"
EndProject
Project("{8BC9CEB8-8B4A-11D0-8D11-00A0C91BC942}") = "queue_", "queue_\queue_.vcxproj", "{A1C4B93F-249B-44A6-ACFE-BC583A44BE93}"
EndProject
Project("{2150E333-8FDC-42A3-9474-1A3956D46DE8}") = "Stack", "Stack", "{A5E8D251-22EF-4E3B-BB05-C51EEEB97772}"
EndProject
Project("{8BC9CEB8-8B4A-11D0-8D11-00A0C91BC942}") = "stack", "stack\stack.vcxproj", "{3BCA28F8-C0D1-432A-B4D4-296370E80316}"
EndProject
Project("{2150E333-8FDC-42A3-9474-1A3956D46DE8}") = "Week 4", "Week 4", "{0CBEC1AA-5CF6-47E5-BD66-4A3B1BEF6498}"
EndProject
Project("{2150E333-8FDC-42A3-9474-1A3956D46DE8}") = "Quadratic_Probing_Hashtable", "Quadratic_Probing_Hashtable", "{353C40D1-800F-43B3-9F3A-B16403AE4EE4}"
EndProject
Project("{8BC9CEB8-8B4A-11D0-8D11-00A0C91BC942}") = "QuadraticProbing", "QuadraticProbing\QuadraticProbing.vcxproj", "{DD852BA0-CFFC-4533-9AF4-42013DE86A0C}"
EndProject
Global
	GlobalSection(SolutionConfigurationPlatforms) = preSolution
		Debug|x64 = Debug|x64
		Debug|x86 = Debug|x86
		Release|x64 = Release|x64
		Release|x86 = Release|x86
	EndGlobalSection
	GlobalSection(ProjectConfigurationPlatforms) = postSolution
		{C8CAEB83-DCF5-465E-87C3-27D59DAE426F}.Debug|x64.ActiveCfg = Debug|x64
		{C8CAEB83-DCF5-465E-87C3-27D59DAE426F}.Debug|x64.Build.0 = Debug|x64
		{C8CAEB83-DCF5-465E-87C3-27D59DAE426F}.Debug|x86.ActiveCfg = Debug|Win32
		{C8CAEB83-DCF5-465E-87C3-27D59DAE426F}.Debug|x86.Build.0 = Debug|Win32
		{C8CAEB83-DCF5-465E-87C3-27D59DAE426F}.Release|x64.ActiveCfg = Release|x64
		{C8CAEB83-DCF5-465E-87C3-27D59DAE426F}.Release|x64.Build.0 = Release|x64
		{C8CAEB83-DCF5-465E-87C3-27D59DAE426F}.Release|x86.ActiveCfg = Release|Win32
		{C8CAEB83-DCF5-465E-87C3-27D59DAE426F}.Release|x86.Build.0 = Release|Win32
		{E48E695D-6418-4DD4-A03D-118746CAB2D5}.Debug|x64.ActiveCfg = Debug|x64
		{E48E695D-6418-4DD4-A03D-118746CAB2D5}.Debug|x64.Build.0 = Debug|x64
		{E48E695D-6418-4DD4-A03D-118746CAB2D5}.Debug|x86.ActiveCfg = Debug|Win32
		{E48E695D-6418-4DD4-A03D-118746CAB2D5}.Debug|x86.Build.0 = Debug|Win32
		{E48E695D-6418-4DD4-A03D-118746CAB2D5}.Release|x64.ActiveCfg = Release|x64
		{E48E695D-6418-4DD4-A03D-118746CAB2D5}.Release|x64.Build.0 = Release|x64
		{E48E695D-6418-4DD4-A03D-118746CAB2D5}.Release|x86.ActiveCfg = Release|Win32
		{E48E695D-6418-4DD4-A03D-118746CAB2D5}.Release|x86.Build.0 = Release|Win32
		{9AC18EF8-E2C8-4653-BEF1-C4162BA680B8}.Debug|x64.ActiveCfg = Debug|x64
		{9AC18EF8-E2C8-4653-BEF1-C4162BA680B8}.Debug|x64.Build.0 = Debug|x64
		{9AC18EF8-E2C8-4653-BEF1-C4162BA680B8}.Debug|x86.ActiveCfg = Debug|Win32
		{9AC18EF8-E2C8-4653-BEF1-C4162BA680B8}.Debug|x86.Build.0 = Debug|Win32
		{9AC18EF8-E2C8-4653-BEF1-C4162BA680B8}.Release|x64.ActiveCfg = Release|x64
		{9AC18EF8-E2C8-4653-BEF1-C4162BA680B8}.Release|x64.Build.0 = Release|x64
		{9AC18EF8-E2C8-4653-BEF1-C4162BA680B8}.Release|x86.ActiveCfg = Release|Win32
		{9AC18EF8-E2C8-4653-BEF1-C4162BA680B8}.Release|x86.Build.0 = Release|Win32
		{87E0F219-E330-4029-A9E7-556CB5005F9B}.Debug|x64.ActiveCfg = Debug|x64
		{87E0F219-E330-4029-A9E7-556CB5005F9B}.Debug|x64.Build.0 = Debug|x64
		{87E0F219-E330-4029-A9E7-556CB5005F9B}.Debug|x86.ActiveCfg = Debug|Win32
		{87E0F219-E330-4029-A9E7-556CB5005F9B}.Debug|x86.Build.0 = Debug|Win32
		{87E0F219-E330-4029-A9E7-556CB5005F9B}.Release|x64.ActiveCfg = Release|x64
		{87E0F219-E330-4029-A9E7-556CB5005F9B}.Release|x64.Build.0 = Release|x64
		{87E0F219-E330-4029-A9E7-556CB5005F9B}.Release|x86.ActiveCfg = Release|Win32
		{87E0F219-E330-4029-A9E7-556CB5005F9B}.Release|x86.Build.0 = Release|Win32
		{739F62BF-0C69-4FC2-BEDF-8E62276E1937}.Debug|x64.ActiveCfg = Debug|x64
		{739F62BF-0C69-4FC2-BEDF-8E62276E1937}.Debug|x64.Build.0 = Debug|x64
		{739F62BF-0C69-4FC2-BEDF-8E62276E1937}.Debug|x86.ActiveCfg = Debug|Win32
		{739F62BF-0C69-4FC2-BEDF-8E62276E1937}.Debug|x86.Build.0 = Debug|Win32
		{739F62BF-0C69-4FC2-BEDF-8E62276E1937}.Release|x64.ActiveCfg = Release|x64
		{739F62BF-0C69-4FC2-BEDF-8E62276E1937}.Release|x64.Build.0 = Release|x64
		{739F62BF-0C69-4FC2-BEDF-8E62276E1937}.Release|x86.ActiveCfg = Release|Win32
		{739F62BF-0C69-4FC2-BEDF-8E62276E1937}.Release|x86.Build.0 = Release|Win32
		{88A42E55-69A4-4305-8551-90B11619D710}.Debug|x64.ActiveCfg = Debug|x64
		{88A42E55-69A4-4305-8551-90B11619D710}.Debug|x64.Build.0 = Debug|x64
		{88A42E55-69A4-4305-8551-90B11619D710}.Debug|x86.ActiveCfg = Debug|Win32
		{88A42E55-69A4-4305-8551-90B11619D710}.Debug|x86.Build.0 = Debug|Win32
		{88A42E55-69A4-4305-8551-90B11619D710}.Release|x64.ActiveCfg = Release|x64
		{88A42E55-69A4-4305-8551-90B11619D710}.Release|x64.Build.0 = Release|x64
		{88A42E55-69A4-4305-8551-90B11619D710}.Release|x86.ActiveCfg = Release|Win32
		{88A42E55-69A4-4305-8551-90B11619D710}.Release|x86.Build.0 = Release|Win32
		{6BAC2F90-7D1B-49E5-ACAB-1EA26EF72DE2}.Debug|x64.ActiveCfg = Debug|x64
		{6BAC2F90-7D1B-49E5-ACAB-1EA26EF72DE2}.Debug|x64.Build.0 = Debug|x64
		{6BAC2F90-7D1B-49E5-ACAB-1EA26EF72DE2}.Debug|x86.ActiveCfg = Debug|Win32
		{6BAC2F90-7D1B-49E5-ACAB-1EA26EF72DE2}.Debug|x86.Build.0 = Debug|Win32
		{6BAC2F90-7D1B-49E5-ACAB-1EA26EF72DE2}.Release|x64.ActiveCfg = Release|x64
		{6BAC2F90-7D1B-49E5-ACAB-1EA26EF72DE2}.Release|x64.Build.0 = Release|x64
		{6BAC2F90-7D1B-49E5-ACAB-1EA26EF72DE2}.Release|x86.ActiveCfg = Release|Win32
		{6BAC2F90-7D1B-49E5-ACAB-1EA26EF72DE2}.Release|x86.Build.0 = Release|Win32
		{1DCBC562-2096-4F7F-9F49-90C8164F3631}.Debug|x64.ActiveCfg = Debug|x64
		{1DCBC562-2096-4F7F-9F49-90C8164F3631}.Debug|x64.Build.0 = Debug|x64
		{1DCBC562-2096-4F7F-9F49-90C8164F3631}.Debug|x86.ActiveCfg = Debug|Win32
		{1DCBC562-2096-4F7F-9F49-90C8164F3631}.Debug|x86.Build.0 = Debug|Win32
		{1DCBC562-2096-4F7F-9F49-90C8164F3631}.Release|x64.ActiveCfg = Release|x64
		{1DCBC562-2096-4F7F-9F49-90C8164F3631}.Release|x64.Build.0 = Release|x64
		{1DCBC562-2096-4F7F-9F49-90C8164F3631}.Release|x86.ActiveCfg = Release|Win32
		{1DCBC562-2096-4F7F-9F49-90C8164F3631}.Release|x86.Build.0 = Release|Win32
		{7A2287F3-6BC5-44D4-B67F-FB7E8ACD76D5}.Debug|x64.ActiveCfg = Debug|x64
		{7A2287F3-6BC5-44D4-B67F-FB7E8ACD76D5}.Debug|x64.Build.0 = Debug|x64
		{7A2287F3-6BC5-44D4-B67F-FB7E8ACD76D5}.Debug|x86.ActiveCfg = Debug|Win32
		{7A2287F3-6BC5-44D4-B67F-FB7E8ACD76D5}.Debug|x86.Build.0 = Debug|Win32
		{7A2287F3-6BC5-44D4-B67F-FB7E8ACD76D5}.Release|x64.ActiveCfg = Release|x64
		{7A2287F3-6BC5-44D4-B67F-FB7E8ACD76D5}.Release|x64.Build.0 = Release|x64
		{7A2287F3-6BC5-44D4-B67F-FB7E8ACD76D5}.Release|x86.ActiveCfg = Release|Win32
		{7A2287F3-6BC5-44D4-B67F-FB7E8ACD76D5}.Release|x86.Build.0 = Release|Win32
		{AB385019-4296-4CF2-9B22-E17E8628D66B}.Debug|x64.ActiveCfg = Debug|x64
		{AB385019-4296-4CF2-9B22-E17E8628D66B}.Debug|x64.Build.0 = Debug|x64
		{AB385019-4296-4CF2-9B22-E17E8628D66B}.Debug|x86.ActiveCfg = Debug|Win32
		{AB385019-4296-4CF2-9B22-E17E8628D66B}.Debug|x86.Build.0 = Debug|Win32
		{AB385019-4296-4CF2-9B22-E17E8628D66B}.Release|x64.ActiveCfg = Release|x64
		{AB385019-4296-4CF2-9B22-E17E8628D66B}.Release|x64.Build.0 = Release|x64
		{AB385019-4296-4CF2-9B22-E17E8628D66B}.Release|x86.ActiveCfg = Release|Win32
		{AB385019-4296-4CF2-9B22-E17E8628D66B}.Release|x86.Build.0 = Release|Win32
		{F6C3EEF0-AF39-41A0-A8E8-181334D76ECF}.Debug|x64.ActiveCfg = Debug|x64
		{F6C3EEF0-AF39-41A0-A8E8-181334D76ECF}.Debug|x64.Build.0 = Debug|x64
		{F6C3EEF0-AF39-41A0-A8E8-181334D76ECF}.Debug|x86.ActiveCfg = Debug|Win32
		{F6C3EEF0-AF39-41A0-A8E8-181334D76ECF}.Debug|x86.Build.0 = Debug|Win32
		{F6C3EEF0-AF39-41A0-A8E8-181334D76ECF}.Release|x64.ActiveCfg = Release|x64
		{F6C3EEF0-AF39-41A0-A8E8-181334D76ECF}.Release|x64.Build.0 = Release|x64
		{F6C3EEF0-AF39-41A0-A8E8-181334D76ECF}.Release|x86.ActiveCfg = Release|Win32
		{F6C3EEF0-AF39-41A0-A8E8-181334D76ECF}.Release|x86.Build.0 = Release|Win32
		{D9A60761-FD8B-4FB5-998C-04D99D27D2C6}.Debug|x64.ActiveCfg = Debug|x64
		{D9A60761-FD8B-4FB5-998C-04D99D27D2C6}.Debug|x64.Build.0 = Debug|x64
		{D9A60761-FD8B-4FB5-998C-04D99D27D2C6}.Debug|x86.ActiveCfg = Debug|Win32
		{D9A60761-FD8B-4FB5-998C-04D99D27D2C6}.Debug|x86.Build.0 = Debug|Win32
		{D9A60761-FD8B-4FB5-998C-04D99D27D2C6}.Release|x64.ActiveCfg = Release|x64
		{D9A60761-FD8B-4FB5-998C-04D99D27D2C6}.Release|x64.Build.0 = Release|x64
		{D9A60761-FD8B-4FB5-998C-04D99D27D2C6}.Release|x86.ActiveCfg = Release|Win32
		{D9A60761-FD8B-4FB5-998C-04D99D27D2C6}.Release|x86.Build.0 = Release|Win32
		{0A446573-79A9-4CBD-8577-0ED8DA6A5C82}.Debug|x64.ActiveCfg = Debug|x64
		{0A446573-79A9-4CBD-8577-0ED8DA6A5C82}.Debug|x64.Build.0 = Debug|x64
		{0A446573-79A9-4CBD-8577-0ED8DA6A5C82}.Debug|x86.ActiveCfg = Debug|Win32
		{0A446573-79A9-4CBD-8577-0ED8DA6A5C82}.Debug|x86.Build.0 = Debug|Win32
		{0A446573-79A9-4CBD-8577-0ED8DA6A5C82}.Release|x64.ActiveCfg = Release|x64
		{0A446573-79A9-4CBD-8577-0ED8DA6A5C82}.Release|x64.Build.0 = Release|x64
		{0A446573-79A9-4CBD-8577-0ED8DA6A5C82}.Release|x86.ActiveCfg = Release|Win32
		{0A446573-79A9-4CBD-8577-0ED8DA6A5C82}.Release|x86.Build.0 = Release|Win32
		{31C469E0-AE54-4D41-A2E5-20380403ABC1}.Debug|x64.ActiveCfg = Debug|x64
		{31C469E0-AE54-4D41-A2E5-20380403ABC1}.Debug|x64.Build.0 = Debug|x64
		{31C469E0-AE54-4D41-A2E5-20380403ABC1}.Debug|x86.ActiveCfg = Debug|Win32
		{31C469E0-AE54-4D41-A2E5-20380403ABC1}.Debug|x86.Build.0 = Debug|Win32
		{31C469E0-AE54-4D41-A2E5-20380403ABC1}.Release|x64.ActiveCfg = Release|x64
		{31C469E0-AE54-4D41-A2E5-20380403ABC1}.Release|x64.Build.0 = Release|x64
		{31C469E0-AE54-4D41-A2E5-20380403ABC1}.Release|x86.ActiveCfg = Release|Win32
		{31C469E0-AE54-4D41-A2E5-20380403ABC1}.Release|x86.Build.0 = Release|Win32
		{5EDBAEBA-EADF-4B80-8700-83A6EE020CD7}.Debug|x64.ActiveCfg = Debug|x64
		{5EDBAEBA-EADF-4B80-8700-83A6EE020CD7}.Debug|x64.Build.0 = Debug|x64
		{5EDBAEBA-EADF-4B80-8700-83A6EE020CD7}.Debug|x86.ActiveCfg = Debug|Win32
		{5EDBAEBA-EADF-4B80-8700-83A6EE020CD7}.Debug|x86.Build.0 = Debug|Win32
		{5EDBAEBA-EADF-4B80-8700-83A6EE020CD7}.Release|x64.ActiveCfg = Release|x64
		{5EDBAEBA-EADF-4B80-8700-83A6EE020CD7}.Release|x64.Build.0 = Release|x64
		{5EDBAEBA-EADF-4B80-8700-83A6EE020CD7}.Release|x86.ActiveCfg = Release|Win32
		{5EDBAEBA-EADF-4B80-8700-83A6EE020CD7}.Release|x86.Build.0 = Release|Win32
		{D16A0DF3-42E3-4602-ACB5-150EB6C8CA8F}.Debug|x64.ActiveCfg = Debug|x64
		{D16A0DF3-42E3-4602-ACB5-150EB6C8CA8F}.Debug|x64.Build.0 = Debug|x64
		{D16A0DF3-42E3-4602-ACB5-150EB6C8CA8F}.Debug|x86.ActiveCfg = Debug|Win32
		{D16A0DF3-42E3-4602-ACB5-150EB6C8CA8F}.Debug|x86.Build.0 = Debug|Win32
		{D16A0DF3-42E3-4602-ACB5-150EB6C8CA8F}.Release|x64.ActiveCfg = Release|x64
		{D16A0DF3-42E3-4602-ACB5-150EB6C8CA8F}.Release|x64.Build.0 = Release|x64
		{D16A0DF3-42E3-4602-ACB5-150EB6C8CA8F}.Release|x86.ActiveCfg = Release|Win32
		{D16A0DF3-42E3-4602-ACB5-150EB6C8CA8F}.Release|x86.Build.0 = Release|Win32
		{90FE61F5-EC9C-4304-9B79-A6DFBDF71749}.Debug|x64.ActiveCfg = Debug|x64
		{90FE61F5-EC9C-4304-9B79-A6DFBDF71749}.Debug|x64.Build.0 = Debug|x64
		{90FE61F5-EC9C-4304-9B79-A6DFBDF71749}.Debug|x86.ActiveCfg = Debug|Win32
		{90FE61F5-EC9C-4304-9B79-A6DFBDF71749}.Debug|x86.Build.0 = Debug|Win32
		{90FE61F5-EC9C-4304-9B79-A6DFBDF71749}.Release|x64.ActiveCfg = Release|x64
		{90FE61F5-EC9C-4304-9B79-A6DFBDF71749}.Release|x64.Build.0 = Release|x64
		{90FE61F5-EC9C-4304-9B79-A6DFBDF71749}.Release|x86.ActiveCfg = Release|Win32
		{90FE61F5-EC9C-4304-9B79-A6DFBDF71749}.Release|x86.Build.0 = Release|Win32
		{25EC77A4-2746-4E19-A0D9-F2E3D8050B7B}.Debug|x64.ActiveCfg = Debug|x64
		{25EC77A4-2746-4E19-A0D9-F2E3D8050B7B}.Debug|x64.Build.0 = Debug|x64
		{25EC77A4-2746-4E19-A0D9-F2E3D8050B7B}.Debug|x86.ActiveCfg = Debug|Win32
		{25EC77A4-2746-4E19-A0D9-F2E3D8050B7B}.Debug|x86.Build.0 = Debug|Win32
		{25EC77A4-2746-4E19-A0D9-F2E3D8050B7B}.Release|x64.ActiveCfg = Release|x64
		{25EC77A4-2746-4E19-A0D9-F2E3D8050B7B}.Release|x64.Build.0 = Release|x64
		{25EC77A4-2746-4E19-A0D9-F2E3D8050B7B}.Release|x86.ActiveCfg = Release|Win32
		{25EC77A4-2746-4E19-A0D9-F2E3D8050B7B}.Release|x86.Build.0 = Release|Win32
		{967C613C-8DB1-4BB9-AD27-D8D0CADA6930}.Debug|x64.ActiveCfg = Debug|x64
		{967C613C-8DB1-4BB9-AD27-D8D0CADA6930}.Debug|x64.Build.0 = Debug|x64
		{967C613C-8DB1-4BB9-AD27-D8D0CADA6930}.Debug|x86.ActiveCfg = Debug|Win32
		{967C613C-8DB1-4BB9-AD27-D8D0CADA6930}.Debug|x86.Build.0 = Debug|Win32
		{967C613C-8DB1-4BB9-AD27-D8D0CADA6930}.Release|x64.ActiveCfg = Release|x64
		{967C613C-8DB1-4BB9-AD27-D8D0CADA6930}.Release|x64.Build.0 = Release|x64
		{967C613C-8DB1-4BB9-AD27-D8D0CADA6930}.Release|x86.ActiveCfg = Release|Win32
		{967C613C-8DB1-4BB9-AD27-D8D0CADA6930}.Release|x86.Build.0 = Release|Win32
		{30D1F1D4-6842-433C-B198-8711A0241C7A}.Debug|x64.ActiveCfg = Debug|x64
		{30D1F1D4-6842-433C-B198-8711A0241C7A}.Debug|x64.Build.0 = Debug|x64
		{30D1F1D4-6842-433C-B198-8711A0241C7A}.Debug|x86.ActiveCfg = Debug|Win32
		{30D1F1D4-6842-433C-B198-8711A0241C7A}.Debug|x86.Build.0 = Debug|Win32
		{30D1F1D4-6842-433C-B198-8711A0241C7A}.Release|x64.ActiveCfg = Release|x64
		{30D1F1D4-6842-433C-B198-8711A0241C7A}.Release|x64.Build.0 = Release|x64
		{30D1F1D4-6842-433C-B198-8711A0241C7A}.Release|x86.ActiveCfg = Release|Win32
		{30D1F1D4-6842-433C-B198-8711A0241C7A}.Release|x86.Build.0 = Release|Win32
		{82168D28-8817-407A-BF92-AC2FB410F3D0}.Debug|x64.ActiveCfg = Debug|x64
		{82168D28-8817-407A-BF92-AC2FB410F3D0}.Debug|x64.Build.0 = Debug|x64
		{82168D28-8817-407A-BF92-AC2FB410F3D0}.Debug|x86.ActiveCfg = Debug|Win32
		{82168D28-8817-407A-BF92-AC2FB410F3D0}.Debug|x86.Build.0 = Debug|Win32
		{82168D28-8817-407A-BF92-AC2FB410F3D0}.Release|x64.ActiveCfg = Release|x64
		{82168D28-8817-407A-BF92-AC2FB410F3D0}.Release|x64.Build.0 = Release|x64
		{82168D28-8817-407A-BF92-AC2FB410F3D0}.Release|x86.ActiveCfg = Release|Win32
		{82168D28-8817-407A-BF92-AC2FB410F3D0}.Release|x86.Build.0 = Release|Win32
		{A1C4B93F-249B-44A6-ACFE-BC583A44BE93}.Debug|x64.ActiveCfg = Debug|x64
		{A1C4B93F-249B-44A6-ACFE-BC583A44BE93}.Debug|x64.Build.0 = Debug|x64
		{A1C4B93F-249B-44A6-ACFE-BC583A44BE93}.Debug|x86.ActiveCfg = Debug|Win32
		{A1C4B93F-249B-44A6-ACFE-BC583A44BE93}.Debug|x86.Build.0 = Debug|Win32
		{A1C4B93F-249B-44A6-ACFE-BC583A44BE93}.Release|x64.ActiveCfg = Release|x64
		{A1C4B93F-249B-44A6-ACFE-BC583A44BE93}.Release|x64.Build.0 = Release|x64
		{A1C4B93F-249B-44A6-ACFE-BC583A44BE93}.Release|x86.ActiveCfg = Release|Win32
		{A1C4B93F-249B-44A6-ACFE-BC583A44BE93}.Release|x86.Build.0 = Release|Win32
		{3BCA28F8-C0D1-432A-B4D4-296370E80316}.Debug|x64.ActiveCfg = Debug|x64
		{3BCA28F8-C0D1-432A-B4D4-296370E80316}.Debug|x64.Build.0 = Debug|x64
		{3BCA28F8-C0D1-432A-B4D4-296370E80316}.Debug|x86.ActiveCfg = Debug|Win32
		{3BCA28F8-C0D1-432A-B4D4-296370E80316}.Debug|x86.Build.0 = Debug|Win32
		{3BCA28F8-C0D1-432A-B4D4-296370E80316}.Release|x64.ActiveCfg = Release|x64
		{3BCA28F8-C0D1-432A-B4D4-296370E80316}.Release|x64.Build.0 = Release|x64
		{3BCA28F8-C0D1-432A-B4D4-296370E80316}.Release|x86.ActiveCfg = Release|Win32
		{3BCA28F8-C0D1-432A-B4D4-296370E80316}.Release|x86.Build.0 = Release|Win32
		{DD852BA0-CFFC-4533-9AF4-42013DE86A0C}.Debug|x64.ActiveCfg = Debug|x64
		{DD852BA0-CFFC-4533-9AF4-42013DE86A0C}.Debug|x64.Build.0 = Debug|x64
		{DD852BA0-CFFC-4533-9AF4-42013DE86A0C}.Debug|x86.ActiveCfg = Debug|Win32
		{DD852BA0-CFFC-4533-9AF4-42013DE86A0C}.Debug|x86.Build.0 = Debug|Win32
		{DD852BA0-CFFC-4533-9AF4-42013DE86A0C}.Release|x64.ActiveCfg = Release|x64
		{DD852BA0-CFFC-4533-9AF4-42013DE86A0C}.Release|x64.Build.0 = Release|x64
		{DD852BA0-CFFC-4533-9AF4-42013DE86A0C}.Release|x86.ActiveCfg = Release|Win32
		{DD852BA0-CFFC-4533-9AF4-42013DE86A0C}.Release|x86.Build.0 = Release|Win32
	EndGlobalSection
	GlobalSection(SolutionProperties) = preSolution
		HideSolutionNode = FALSE
	EndGlobalSection
	GlobalSection(NestedProjects) = preSolution
		{C8CAEB83-DCF5-465E-87C3-27D59DAE426F} = {AB800FD3-3575-4701-A48E-6FFDDD17325D}
		{E48E695D-6418-4DD4-A03D-118746CAB2D5} = {AB800FD3-3575-4701-A48E-6FFDDD17325D}
		{AB800FD3-3575-4701-A48E-6FFDDD17325D} = {202FF4A6-41A0-49AB-BE38-9AF3F4346946}
		{9AC18EF8-E2C8-4653-BEF1-C4162BA680B8} = {AB800FD3-3575-4701-A48E-6FFDDD17325D}
		{87E0F219-E330-4029-A9E7-556CB5005F9B} = {AB800FD3-3575-4701-A48E-6FFDDD17325D}
		{7D80E1AA-9C99-472A-93A3-212BA4C6FC74} = {202FF4A6-41A0-49AB-BE38-9AF3F4346946}
		{739F62BF-0C69-4FC2-BEDF-8E62276E1937} = {7D80E1AA-9C99-472A-93A3-212BA4C6FC74}
		{BED03E09-9D3A-4696-BD52-EB38D150441F} = {202FF4A6-41A0-49AB-BE38-9AF3F4346946}
		{88A42E55-69A4-4305-8551-90B11619D710} = {BED03E09-9D3A-4696-BD52-EB38D150441F}
		{8FBAE047-56B9-45FA-81EA-53EDEA51B3DF} = {202FF4A6-41A0-49AB-BE38-9AF3F4346946}
		{6BAC2F90-7D1B-49E5-ACAB-1EA26EF72DE2} = {8FBAE047-56B9-45FA-81EA-53EDEA51B3DF}
		{89D922DB-1F3D-47CE-8E87-73EC9C3A7EF2} = {202FF4A6-41A0-49AB-BE38-9AF3F4346946}
		{1DCBC562-2096-4F7F-9F49-90C8164F3631} = {89D922DB-1F3D-47CE-8E87-73EC9C3A7EF2}
		{5D4CA05D-FA60-4F59-8F39-021AE7585167} = {202FF4A6-41A0-49AB-BE38-9AF3F4346946}
		{7A2287F3-6BC5-44D4-B67F-FB7E8ACD76D5} = {5D4CA05D-FA60-4F59-8F39-021AE7585167}
		{AB385019-4296-4CF2-9B22-E17E8628D66B} = {08803341-57AA-4102-85C4-9B4B04594C31}
		{F6C3EEF0-AF39-41A0-A8E8-181334D76ECF} = {08803341-57AA-4102-85C4-9B4B04594C31}
		{D9A60761-FD8B-4FB5-998C-04D99D27D2C6} = {08803341-57AA-4102-85C4-9B4B04594C31}
		{DE93C155-9ED5-4DE8-9EF5-97ACE3F2AB12} = {7AEF1D3A-3C76-4CD0-B028-A1EFCC2750D5}
		{0A446573-79A9-4CBD-8577-0ED8DA6A5C82} = {DE93C155-9ED5-4DE8-9EF5-97ACE3F2AB12}
		{C902BD1D-597B-4E2C-BBD2-BAE5E8E901B0} = {7AEF1D3A-3C76-4CD0-B028-A1EFCC2750D5}
		{31C469E0-AE54-4D41-A2E5-20380403ABC1} = {C902BD1D-597B-4E2C-BBD2-BAE5E8E901B0}
		{232CAA4D-8D84-4B21-9659-C270244C575A} = {7AEF1D3A-3C76-4CD0-B028-A1EFCC2750D5}
		{5EDBAEBA-EADF-4B80-8700-83A6EE020CD7} = {232CAA4D-8D84-4B21-9659-C270244C575A}
		{27761E57-7E40-4014-A016-9CD145913B44} = {7AEF1D3A-3C76-4CD0-B028-A1EFCC2750D5}
		{D16A0DF3-42E3-4602-ACB5-150EB6C8CA8F} = {27761E57-7E40-4014-A016-9CD145913B44}
		{F7811B22-9DA0-4F25-AAF5-9ADB983CFB1F} = {7AEF1D3A-3C76-4CD0-B028-A1EFCC2750D5}
		{90FE61F5-EC9C-4304-9B79-A6DFBDF71749} = {F7811B22-9DA0-4F25-AAF5-9ADB983CFB1F}
		{25EC77A4-2746-4E19-A0D9-F2E3D8050B7B} = {08803341-57AA-4102-85C4-9B4B04594C31}
		{967C613C-8DB1-4BB9-AD27-D8D0CADA6930} = {08803341-57AA-4102-85C4-9B4B04594C31}
		{6E131CB1-CFE7-4242-8438-A2B3B937ECEE} = {23BD091F-3BF5-49F0-B11C-C321DE0AAB22}
		{30D1F1D4-6842-433C-B198-8711A0241C7A} = {6E131CB1-CFE7-4242-8438-A2B3B937ECEE}
		{AFAAC327-75C9-489C-954C-287209070481} = {23BD091F-3BF5-49F0-B11C-C321DE0AAB22}
		{82168D28-8817-407A-BF92-AC2FB410F3D0} = {AFAAC327-75C9-489C-954C-287209070481}
		{FDFAFF2F-D191-4FEF-AB1B-C0B6592C3B1E} = {23BD091F-3BF5-49F0-B11C-C321DE0AAB22}
		{A1C4B93F-249B-44A6-ACFE-BC583A44BE93} = {FDFAFF2F-D191-4FEF-AB1B-C0B6592C3B1E}
		{A5E8D251-22EF-4E3B-BB05-C51EEEB97772} = {23BD091F-3BF5-49F0-B11C-C321DE0AAB22}
		{3BCA28F8-C0D1-432A-B4D4-296370E80316} = {A5E8D251-22EF-4E3B-BB05-C51EEEB97772}
		{353C40D1-800F-43B3-9F3A-B16403AE4EE4} = {0CBEC1AA-5CF6-47E5-BD66-4A3B1BEF6498}
		{DD852BA0-CFFC-4533-9AF4-42013DE86A0C} = {353C40D1-800F-43B3-9F3A-B16403AE4EE4}
	EndGlobalSection
	GlobalSection(ExtensibilityGlobals) = postSolution
		SolutionGuid = {3B7BE24D-EEDD-43E3-8CE5-9B90352E3321}
	EndGlobalSection
EndGlobal
